// !$*UTF8*$!
{
	archiveVersion = 1;
	classes = {
	};
	objectVersion = 51;
	objects = {

/* Begin PBXBuildFile section */
		1630441CB06D303C438C5569 /* Pods_Mini4.framework in Frameworks */ = {isa = PBXBuildFile; fileRef = 3F5D085BED330F0CD78C4E26 /* Pods_Mini4.framework */; };
		1C136A21270B9AEC00D09E9D /* EnderecoViewModel.swift in Sources */ = {isa = PBXBuildFile; fileRef = 1C136A20270B9AEC00D09E9D /* EnderecoViewModel.swift */; };
		1C136A24270BA39E00D09E9D /* EnderecoFormView.swift in Sources */ = {isa = PBXBuildFile; fileRef = 1C136A22270BA39E00D09E9D /* EnderecoFormView.swift */; };
		1C136A25270BA41500D09E9D /* EnderecoViewModel.swift in Sources */ = {isa = PBXBuildFile; fileRef = 1C136A20270B9AEC00D09E9D /* EnderecoViewModel.swift */; };
		1C136A27270CC6F400D09E9D /* EstoqueViewModel.swift in Sources */ = {isa = PBXBuildFile; fileRef = 1C136A26270CC6F400D09E9D /* EstoqueViewModel.swift */; };
		1C136A28270CC6F400D09E9D /* EstoqueViewModel.swift in Sources */ = {isa = PBXBuildFile; fileRef = 1C136A26270CC6F400D09E9D /* EstoqueViewModel.swift */; };
		1C136A2A270CCD3B00D09E9D /* EstoqueFormView.swift in Sources */ = {isa = PBXBuildFile; fileRef = 1C136A29270CCD3B00D09E9D /* EstoqueFormView.swift */; };
		1C136A2B270CCD3B00D09E9D /* EstoqueFormView.swift in Sources */ = {isa = PBXBuildFile; fileRef = 1C136A29270CCD3B00D09E9D /* EstoqueFormView.swift */; };
		1C136A37270E391C00D09E9D /* TelaListaView.swift in Sources */ = {isa = PBXBuildFile; fileRef = 1C136A36270E391C00D09E9D /* TelaListaView.swift */; };
		1C136A38270E391C00D09E9D /* TelaListaView.swift in Sources */ = {isa = PBXBuildFile; fileRef = 1C136A36270E391C00D09E9D /* TelaListaView.swift */; };
		1C136A3A270E399E00D09E9D /* ItemListaView.swift in Sources */ = {isa = PBXBuildFile; fileRef = 1C136A39270E399E00D09E9D /* ItemListaView.swift */; };
		1C136A3B270E399E00D09E9D /* ItemListaView.swift in Sources */ = {isa = PBXBuildFile; fileRef = 1C136A39270E399E00D09E9D /* ItemListaView.swift */; };
		1C136A3C270E402B00D09E9D /* OngView.swift in Sources */ = {isa = PBXBuildFile; fileRef = 8553EDCB2704F17900DB408D /* OngView.swift */; };
		1C136A3E27175E0A00D09E9D /* SearchBarView.swift in Sources */ = {isa = PBXBuildFile; fileRef = 1C136A3D27175E0A00D09E9D /* SearchBarView.swift */; };
		1C136A3F27175E0A00D09E9D /* SearchBarView.swift in Sources */ = {isa = PBXBuildFile; fileRef = 1C136A3D27175E0A00D09E9D /* SearchBarView.swift */; };
		1C136A412718971800D09E9D /* ItemListaVerticalView.swift in Sources */ = {isa = PBXBuildFile; fileRef = 1C136A402718971800D09E9D /* ItemListaVerticalView.swift */; };
		1C136A422718971800D09E9D /* ItemListaVerticalView.swift in Sources */ = {isa = PBXBuildFile; fileRef = 1C136A402718971800D09E9D /* ItemListaVerticalView.swift */; };
		1CC810472702336200B9E721 /* AppDelegate.swift in Sources */ = {isa = PBXBuildFile; fileRef = 1CC810462702336200B9E721 /* AppDelegate.swift */; };
		1CC810492702336200B9E721 /* SceneDelegate.swift in Sources */ = {isa = PBXBuildFile; fileRef = 1CC810482702336200B9E721 /* SceneDelegate.swift */; };
		1CC8104B2702336200B9E721 /* ContentView.swift in Sources */ = {isa = PBXBuildFile; fileRef = 1CC8104A2702336200B9E721 /* ContentView.swift */; };
		1CC8104D2702336400B9E721 /* Assets.xcassets in Resources */ = {isa = PBXBuildFile; fileRef = 1CC8104C2702336400B9E721 /* Assets.xcassets */; };
		1CC810502702336400B9E721 /* Preview Assets.xcassets in Resources */ = {isa = PBXBuildFile; fileRef = 1CC8104F2702336400B9E721 /* Preview Assets.xcassets */; };
		1CC810532702336400B9E721 /* LaunchScreen.storyboard in Resources */ = {isa = PBXBuildFile; fileRef = 1CC810512702336400B9E721 /* LaunchScreen.storyboard */; };
		1CC81078270237F400B9E721 /* AppDelegate.swift in Sources */ = {isa = PBXBuildFile; fileRef = 1CC810462702336200B9E721 /* AppDelegate.swift */; };
		1CC81079270237F400B9E721 /* SceneDelegate.swift in Sources */ = {isa = PBXBuildFile; fileRef = 1CC810482702336200B9E721 /* SceneDelegate.swift */; };
		1CC8107A270237F400B9E721 /* ContentView.swift in Sources */ = {isa = PBXBuildFile; fileRef = 1CC8104A2702336200B9E721 /* ContentView.swift */; };
		1CC8107E270237F400B9E721 /* LaunchScreen.storyboard in Resources */ = {isa = PBXBuildFile; fileRef = 1CC810512702336400B9E721 /* LaunchScreen.storyboard */; };
		1CC81080270237F400B9E721 /* Preview Assets.xcassets in Resources */ = {isa = PBXBuildFile; fileRef = 1CC8104F2702336400B9E721 /* Preview Assets.xcassets */; };
		1CC81081270237F400B9E721 /* Assets.xcassets in Resources */ = {isa = PBXBuildFile; fileRef = 1CC8104C2702336400B9E721 /* Assets.xcassets */; };
		1CC8109827038A3100B9E721 /* Endereco.swift in Sources */ = {isa = PBXBuildFile; fileRef = 1CC8109427038A3100B9E721 /* Endereco.swift */; };
		1CC8109927038A3100B9E721 /* Endereco.swift in Sources */ = {isa = PBXBuildFile; fileRef = 1CC8109427038A3100B9E721 /* Endereco.swift */; };
		1CC8109A27038A3100B9E721 /* Banco.swift in Sources */ = {isa = PBXBuildFile; fileRef = 1CC8109527038A3100B9E721 /* Banco.swift */; };
		1CC8109B27038A3100B9E721 /* Banco.swift in Sources */ = {isa = PBXBuildFile; fileRef = 1CC8109527038A3100B9E721 /* Banco.swift */; };
		1CC8109C27038A3100B9E721 /* Organizacao.swift in Sources */ = {isa = PBXBuildFile; fileRef = 1CC8109627038A3100B9E721 /* Organizacao.swift */; };
		1CC8109D27038A3100B9E721 /* Organizacao.swift in Sources */ = {isa = PBXBuildFile; fileRef = 1CC8109627038A3100B9E721 /* Organizacao.swift */; };
		1CC8109E27038A3100B9E721 /* Item.swift in Sources */ = {isa = PBXBuildFile; fileRef = 1CC8109727038A3100B9E721 /* Item.swift */; };
		1CC8109F27038A3100B9E721 /* Item.swift in Sources */ = {isa = PBXBuildFile; fileRef = 1CC8109727038A3100B9E721 /* Item.swift */; };
		1CC810A227038E7400B9E721 /* OngViewModel.swift in Sources */ = {isa = PBXBuildFile; fileRef = 1CC810A127038E7400B9E721 /* OngViewModel.swift */; };
		1CC810A327038E7400B9E721 /* OngViewModel.swift in Sources */ = {isa = PBXBuildFile; fileRef = 1CC810A127038E7400B9E721 /* OngViewModel.swift */; };
		1CC810AB2703B0B000B9E721 /* OngFormView.swift in Sources */ = {isa = PBXBuildFile; fileRef = 1CC810A92703B0B000B9E721 /* OngFormView.swift */; };
		1CC810B027064ABF00B9E721 /* BancoFormView.swift in Sources */ = {isa = PBXBuildFile; fileRef = 1CC810AE27064AB800B9E721 /* BancoFormView.swift */; };
		1CD911DD270B7224007B2D05 /* BancoViewModel.swift in Sources */ = {isa = PBXBuildFile; fileRef = 1CD911DC270B7224007B2D05 /* BancoViewModel.swift */; };
		1CD911DE270B778F007B2D05 /* BancoViewModel.swift in Sources */ = {isa = PBXBuildFile; fileRef = 1CD911DC270B7224007B2D05 /* BancoViewModel.swift */; };
		6DA4B72157C3CB7B233CA050 /* Pods_Mini4.framework in Frameworks */ = {isa = PBXBuildFile; fileRef = 3F5D085BED330F0CD78C4E26 /* Pods_Mini4.framework */; };
		853BC76C2710D418007C589D /* GoogleService-Info.plist in Resources */ = {isa = PBXBuildFile; fileRef = 853BC76B2710D418007C589D /* GoogleService-Info.plist */; };
		853BC76E2710D483007C589D /* GoogleService-Info-admin.plist in Resources */ = {isa = PBXBuildFile; fileRef = 853BC76D2710D483007C589D /* GoogleService-Info-admin.plist */; };
		8553EDCA2704E6A300DB408D /* DoadorHome.swift in Sources */ = {isa = PBXBuildFile; fileRef = 8553EDC92704E6A300DB408D /* DoadorHome.swift */; };
		8553EDCC2704F17900DB408D /* OngView.swift in Sources */ = {isa = PBXBuildFile; fileRef = 8553EDCB2704F17900DB408D /* OngView.swift */; };
		8578A636270E23520064497C /* Button+Extension.swift in Sources */ = {isa = PBXBuildFile; fileRef = A3ADA90D270CC6BE0005A81E /* Button+Extension.swift */; };
		85E49094270B9402009CD6FE /* InfoGeralFormView.swift in Sources */ = {isa = PBXBuildFile; fileRef = 85E49093270B9402009CD6FE /* InfoGeralFormView.swift */; };
		85E49098270B989A009CD6FE /* ContatoFormView.swift in Sources */ = {isa = PBXBuildFile; fileRef = 85E49097270B989A009CD6FE /* ContatoFormView.swift */; };
		8B12DA562710BE5900A19E3B /* Category.swift in Sources */ = {isa = PBXBuildFile; fileRef = 8B12DA552710BE5900A19E3B /* Category.swift */; };
		8B12DA572710BE5900A19E3B /* Category.swift in Sources */ = {isa = PBXBuildFile; fileRef = 8B12DA552710BE5900A19E3B /* Category.swift */; };
		8B12DA592710BE9700A19E3B /* PickerCustom.swift in Sources */ = {isa = PBXBuildFile; fileRef = 8B12DA582710BE9700A19E3B /* PickerCustom.swift */; };
		8B12DA5A2710BE9700A19E3B /* PickerCustom.swift in Sources */ = {isa = PBXBuildFile; fileRef = 8B12DA582710BE9700A19E3B /* PickerCustom.swift */; };
		A30BA3AD270F5C9F00D2222B /* Color+Extension.swift in Sources */ = {isa = PBXBuildFile; fileRef = A30BA3AC270F5C9F00D2222B /* Color+Extension.swift */; };
		A30BA3AE270F5C9F00D2222B /* Color+Extension.swift in Sources */ = {isa = PBXBuildFile; fileRef = A30BA3AC270F5C9F00D2222B /* Color+Extension.swift */; };
		A30BA3B2270F6DE400D2222B /* SobreOngView.swift in Sources */ = {isa = PBXBuildFile; fileRef = A30BA3B1270F6DE400D2222B /* SobreOngView.swift */; };
		A30BA3B3270F6DE400D2222B /* SobreOngView.swift in Sources */ = {isa = PBXBuildFile; fileRef = A30BA3B1270F6DE400D2222B /* SobreOngView.swift */; };
		A3ADA90E270CC6BE0005A81E /* Button+Extension.swift in Sources */ = {isa = PBXBuildFile; fileRef = A3ADA90D270CC6BE0005A81E /* Button+Extension.swift */; };
		A3AE97EF2717A91B00DEB318 /* DialogCard.swift in Sources */ = {isa = PBXBuildFile; fileRef = A3AE97EE2717A91B00DEB318 /* DialogCard.swift */; };
/* End PBXBuildFile section */

/* Begin PBXFileReference section */
		1C136A20270B9AEC00D09E9D /* EnderecoViewModel.swift */ = {isa = PBXFileReference; lastKnownFileType = sourcecode.swift; path = EnderecoViewModel.swift; sourceTree = "<group>"; };
		1C136A22270BA39E00D09E9D /* EnderecoFormView.swift */ = {isa = PBXFileReference; lastKnownFileType = sourcecode.swift; path = EnderecoFormView.swift; sourceTree = "<group>"; };
		1C136A26270CC6F400D09E9D /* EstoqueViewModel.swift */ = {isa = PBXFileReference; lastKnownFileType = sourcecode.swift; path = EstoqueViewModel.swift; sourceTree = "<group>"; };
		1C136A29270CCD3B00D09E9D /* EstoqueFormView.swift */ = {isa = PBXFileReference; lastKnownFileType = sourcecode.swift; path = EstoqueFormView.swift; sourceTree = "<group>"; };
		1C136A36270E391C00D09E9D /* TelaListaView.swift */ = {isa = PBXFileReference; lastKnownFileType = sourcecode.swift; path = TelaListaView.swift; sourceTree = "<group>"; };
		1C136A39270E399E00D09E9D /* ItemListaView.swift */ = {isa = PBXFileReference; lastKnownFileType = sourcecode.swift; path = ItemListaView.swift; sourceTree = "<group>"; };
		1C136A3D27175E0A00D09E9D /* SearchBarView.swift */ = {isa = PBXFileReference; lastKnownFileType = sourcecode.swift; path = SearchBarView.swift; sourceTree = "<group>"; };
		1C136A402718971800D09E9D /* ItemListaVerticalView.swift */ = {isa = PBXFileReference; lastKnownFileType = sourcecode.swift; path = ItemListaVerticalView.swift; sourceTree = "<group>"; };
		1CC810432702336200B9E721 /* Mini4.app */ = {isa = PBXFileReference; explicitFileType = wrapper.application; includeInIndex = 0; path = Mini4.app; sourceTree = BUILT_PRODUCTS_DIR; };
		1CC810462702336200B9E721 /* AppDelegate.swift */ = {isa = PBXFileReference; lastKnownFileType = sourcecode.swift; path = AppDelegate.swift; sourceTree = "<group>"; };
		1CC810482702336200B9E721 /* SceneDelegate.swift */ = {isa = PBXFileReference; lastKnownFileType = sourcecode.swift; path = SceneDelegate.swift; sourceTree = "<group>"; };
		1CC8104A2702336200B9E721 /* ContentView.swift */ = {isa = PBXFileReference; lastKnownFileType = sourcecode.swift; path = ContentView.swift; sourceTree = "<group>"; };
		1CC8104C2702336400B9E721 /* Assets.xcassets */ = {isa = PBXFileReference; lastKnownFileType = folder.assetcatalog; path = Assets.xcassets; sourceTree = "<group>"; };
		1CC8104F2702336400B9E721 /* Preview Assets.xcassets */ = {isa = PBXFileReference; lastKnownFileType = folder.assetcatalog; path = "Preview Assets.xcassets"; sourceTree = "<group>"; };
		1CC810522702336400B9E721 /* Base */ = {isa = PBXFileReference; lastKnownFileType = file.storyboard; name = Base; path = Base.lproj/LaunchScreen.storyboard; sourceTree = "<group>"; };
		1CC810542702336400B9E721 /* Info.plist */ = {isa = PBXFileReference; lastKnownFileType = text.plist.xml; path = Info.plist; sourceTree = "<group>"; };
		1CC8105C2702366800B9E721 /* Mini4.entitlements */ = {isa = PBXFileReference; lastKnownFileType = text.plist.entitlements; path = Mini4.entitlements; sourceTree = "<group>"; };
		1CC81086270237F400B9E721 /* Mini4Admin.app */ = {isa = PBXFileReference; explicitFileType = wrapper.application; includeInIndex = 0; path = Mini4Admin.app; sourceTree = BUILT_PRODUCTS_DIR; };
		1CC81087270237F400B9E721 /* Mini4 copy-Info.plist */ = {isa = PBXFileReference; lastKnownFileType = text.plist.xml; name = "Mini4 copy-Info.plist"; path = "/Users/gustavorigor/Developer/Academy/Mini4/Mini4/Mini4 copy-Info.plist"; sourceTree = "<absolute>"; };
		1CC8109427038A3100B9E721 /* Endereco.swift */ = {isa = PBXFileReference; fileEncoding = 4; lastKnownFileType = sourcecode.swift; path = Endereco.swift; sourceTree = "<group>"; };
		1CC8109527038A3100B9E721 /* Banco.swift */ = {isa = PBXFileReference; fileEncoding = 4; lastKnownFileType = sourcecode.swift; path = Banco.swift; sourceTree = "<group>"; };
		1CC8109627038A3100B9E721 /* Organizacao.swift */ = {isa = PBXFileReference; fileEncoding = 4; lastKnownFileType = sourcecode.swift; path = Organizacao.swift; sourceTree = "<group>"; };
		1CC8109727038A3100B9E721 /* Item.swift */ = {isa = PBXFileReference; fileEncoding = 4; lastKnownFileType = sourcecode.swift; path = Item.swift; sourceTree = "<group>"; };
		1CC810A127038E7400B9E721 /* OngViewModel.swift */ = {isa = PBXFileReference; lastKnownFileType = sourcecode.swift; path = OngViewModel.swift; sourceTree = "<group>"; };
		1CC810A92703B0B000B9E721 /* OngFormView.swift */ = {isa = PBXFileReference; lastKnownFileType = sourcecode.swift; path = OngFormView.swift; sourceTree = "<group>"; };
		1CC810AE27064AB800B9E721 /* BancoFormView.swift */ = {isa = PBXFileReference; lastKnownFileType = sourcecode.swift; path = BancoFormView.swift; sourceTree = "<group>"; };
		1CD911DC270B7224007B2D05 /* BancoViewModel.swift */ = {isa = PBXFileReference; lastKnownFileType = sourcecode.swift; path = BancoViewModel.swift; sourceTree = "<group>"; };
		3F5D085BED330F0CD78C4E26 /* Pods_Mini4.framework */ = {isa = PBXFileReference; explicitFileType = wrapper.framework; includeInIndex = 0; path = Pods_Mini4.framework; sourceTree = BUILT_PRODUCTS_DIR; };
		83A6578411934C5392EA1241 /* Pods-Mini4.debug.xcconfig */ = {isa = PBXFileReference; includeInIndex = 1; lastKnownFileType = text.xcconfig; name = "Pods-Mini4.debug.xcconfig"; path = "Target Support Files/Pods-Mini4/Pods-Mini4.debug.xcconfig"; sourceTree = "<group>"; };
		853BC76B2710D418007C589D /* GoogleService-Info.plist */ = {isa = PBXFileReference; fileEncoding = 4; lastKnownFileType = text.plist.xml; path = "GoogleService-Info.plist"; sourceTree = "<group>"; };
		853BC76D2710D483007C589D /* GoogleService-Info-admin.plist */ = {isa = PBXFileReference; fileEncoding = 4; lastKnownFileType = text.plist.xml; path = "GoogleService-Info-admin.plist"; sourceTree = "<group>"; };
		8553EDC92704E6A300DB408D /* DoadorHome.swift */ = {isa = PBXFileReference; lastKnownFileType = sourcecode.swift; path = DoadorHome.swift; sourceTree = "<group>"; };
		8553EDCB2704F17900DB408D /* OngView.swift */ = {isa = PBXFileReference; lastKnownFileType = sourcecode.swift; path = OngView.swift; sourceTree = "<group>"; };
		85E49093270B9402009CD6FE /* InfoGeralFormView.swift */ = {isa = PBXFileReference; lastKnownFileType = sourcecode.swift; path = InfoGeralFormView.swift; sourceTree = "<group>"; };
		85E49097270B989A009CD6FE /* ContatoFormView.swift */ = {isa = PBXFileReference; lastKnownFileType = sourcecode.swift; path = ContatoFormView.swift; sourceTree = "<group>"; };
		8B12DA552710BE5900A19E3B /* Category.swift */ = {isa = PBXFileReference; lastKnownFileType = sourcecode.swift; path = Category.swift; sourceTree = "<group>"; };
		8B12DA582710BE9700A19E3B /* PickerCustom.swift */ = {isa = PBXFileReference; lastKnownFileType = sourcecode.swift; path = PickerCustom.swift; sourceTree = "<group>"; };
		A30BA3AC270F5C9F00D2222B /* Color+Extension.swift */ = {isa = PBXFileReference; lastKnownFileType = sourcecode.swift; path = "Color+Extension.swift"; sourceTree = "<group>"; };
		A30BA3B1270F6DE400D2222B /* SobreOngView.swift */ = {isa = PBXFileReference; lastKnownFileType = sourcecode.swift; path = SobreOngView.swift; sourceTree = "<group>"; };
		A3ADA90D270CC6BE0005A81E /* Button+Extension.swift */ = {isa = PBXFileReference; lastKnownFileType = sourcecode.swift; path = "Button+Extension.swift"; sourceTree = "<group>"; };
		A3AE97EE2717A91B00DEB318 /* DialogCard.swift */ = {isa = PBXFileReference; lastKnownFileType = sourcecode.swift; path = DialogCard.swift; sourceTree = "<group>"; };
		AABDF4AB429958E127B17A6B /* Pods-Mini4.release.xcconfig */ = {isa = PBXFileReference; includeInIndex = 1; lastKnownFileType = text.xcconfig; name = "Pods-Mini4.release.xcconfig"; path = "Target Support Files/Pods-Mini4/Pods-Mini4.release.xcconfig"; sourceTree = "<group>"; };
/* End PBXFileReference section */

/* Begin PBXFrameworksBuildPhase section */
		1CC810402702336200B9E721 /* Frameworks */ = {
			isa = PBXFrameworksBuildPhase;
			buildActionMask = 2147483647;
			files = (
				6DA4B72157C3CB7B233CA050 /* Pods_Mini4.framework in Frameworks */,
				1630441CB06D303C438C5569 /* Pods_Mini4.framework in Frameworks */,
			);
			runOnlyForDeploymentPostprocessing = 0;
		};
		1CC8107B270237F400B9E721 /* Frameworks */ = {
			isa = PBXFrameworksBuildPhase;
			buildActionMask = 2147483647;
			files = (
			);
			runOnlyForDeploymentPostprocessing = 0;
		};
/* End PBXFrameworksBuildPhase section */

/* Begin PBXGroup section */
		1C136A35270E38FC00D09E9D /* TelaLista */ = {
			isa = PBXGroup;
			children = (
				1C136A36270E391C00D09E9D /* TelaListaView.swift */,
				1C136A39270E399E00D09E9D /* ItemListaView.swift */,
				1C136A402718971800D09E9D /* ItemListaVerticalView.swift */,
			);
			path = TelaLista;
			sourceTree = "<group>";
		};
		1CC8103A2702336200B9E721 = {
			isa = PBXGroup;
			children = (
				1CC810452702336200B9E721 /* Mini4 */,
				1CC810442702336200B9E721 /* Products */,
				F276C1DC6A1D3B17238F756B /* Pods */,
				90B278108663E2C3B71189CA /* Frameworks */,
				1CC81087270237F400B9E721 /* Mini4 copy-Info.plist */,
			);
			sourceTree = "<group>";
		};
		1CC810442702336200B9E721 /* Products */ = {
			isa = PBXGroup;
			children = (
				1CC810432702336200B9E721 /* Mini4.app */,
				1CC81086270237F400B9E721 /* Mini4Admin.app */,
			);
			name = Products;
			sourceTree = "<group>";
		};
		1CC810452702336200B9E721 /* Mini4 */ = {
			isa = PBXGroup;
			children = (
				1CC8109327038A3100B9E721 /* Model */,
				1CC810A427038FE100B9E721 /* View */,
				1CC810A027038E1A00B9E721 /* ViewModel */,
				A3E7438F270E13FF004B47A0 /* Utility */,
				1CC8105C2702366800B9E721 /* Mini4.entitlements */,
				1CC810462702336200B9E721 /* AppDelegate.swift */,
				1CC810482702336200B9E721 /* SceneDelegate.swift */,
				1CC8104C2702336400B9E721 /* Assets.xcassets */,
				1CC810512702336400B9E721 /* LaunchScreen.storyboard */,
				1CC810542702336400B9E721 /* Info.plist */,
				853BC76B2710D418007C589D /* GoogleService-Info.plist */,
				853BC76D2710D483007C589D /* GoogleService-Info-admin.plist */,
				1CC8104E2702336400B9E721 /* Preview Content */,
			);
			path = Mini4;
			sourceTree = "<group>";
		};
		1CC8104E2702336400B9E721 /* Preview Content */ = {
			isa = PBXGroup;
			children = (
				1CC8104F2702336400B9E721 /* Preview Assets.xcassets */,
			);
			path = "Preview Content";
			sourceTree = "<group>";
		};
		1CC8109327038A3100B9E721 /* Model */ = {
			isa = PBXGroup;
			children = (
				1CC8109427038A3100B9E721 /* Endereco.swift */,
				1CC8109527038A3100B9E721 /* Banco.swift */,
				1CC8109627038A3100B9E721 /* Organizacao.swift */,
				1CC8109727038A3100B9E721 /* Item.swift */,
			);
			path = Model;
			sourceTree = "<group>";
		};
		1CC810A027038E1A00B9E721 /* ViewModel */ = {
			isa = PBXGroup;
			children = (
				1CC810A127038E7400B9E721 /* OngViewModel.swift */,
				1CD911DC270B7224007B2D05 /* BancoViewModel.swift */,
				1C136A20270B9AEC00D09E9D /* EnderecoViewModel.swift */,
				1C136A26270CC6F400D09E9D /* EstoqueViewModel.swift */,
			);
			path = ViewModel;
			sourceTree = "<group>";
		};
		1CC810A427038FE100B9E721 /* View */ = {
			isa = PBXGroup;
			children = (
				8589EBE7270B935900EA906C /* Organizacao */,
				1C136A35270E38FC00D09E9D /* TelaLista */,
				1CC8104A2702336200B9E721 /* ContentView.swift */,
				8553EDC92704E6A300DB408D /* DoadorHome.swift */,
				A30BA3B1270F6DE400D2222B /* SobreOngView.swift */,
				8553EDCB2704F17900DB408D /* OngView.swift */,
				1C136A29270CCD3B00D09E9D /* EstoqueFormView.swift */,
			);
			path = View;
			sourceTree = "<group>";
		};
		8589EBE7270B935900EA906C /* Organizacao */ = {
			isa = PBXGroup;
			children = (
				1CC810A92703B0B000B9E721 /* OngFormView.swift */,
				85E49093270B9402009CD6FE /* InfoGeralFormView.swift */,
				1C136A22270BA39E00D09E9D /* EnderecoFormView.swift */,
				85E49097270B989A009CD6FE /* ContatoFormView.swift */,
				1CC810AE27064AB800B9E721 /* BancoFormView.swift */,
			);
			path = Organizacao;
			sourceTree = "<group>";
		};
		90B278108663E2C3B71189CA /* Frameworks */ = {
			isa = PBXGroup;
			children = (
				3F5D085BED330F0CD78C4E26 /* Pods_Mini4.framework */,
			);
			name = Frameworks;
			sourceTree = "<group>";
		};
		A3E7438F270E13FF004B47A0 /* Utility */ = {
			isa = PBXGroup;
			children = (
				A3ADA90D270CC6BE0005A81E /* Button+Extension.swift */,
				A30BA3AC270F5C9F00D2222B /* Color+Extension.swift */,
				8B12DA552710BE5900A19E3B /* Category.swift */,
				8B12DA582710BE9700A19E3B /* PickerCustom.swift */,
				1C136A3D27175E0A00D09E9D /* SearchBarView.swift */,
				A3AE97EE2717A91B00DEB318 /* DialogCard.swift */,
			);
			path = Utility;
			sourceTree = "<group>";
		};
		F276C1DC6A1D3B17238F756B /* Pods */ = {
			isa = PBXGroup;
			children = (
				83A6578411934C5392EA1241 /* Pods-Mini4.debug.xcconfig */,
				AABDF4AB429958E127B17A6B /* Pods-Mini4.release.xcconfig */,
			);
			path = Pods;
			sourceTree = "<group>";
		};
/* End PBXGroup section */

/* Begin PBXNativeTarget section */
		1CC810422702336200B9E721 /* Mini4 */ = {
			isa = PBXNativeTarget;
			buildConfigurationList = 1CC810572702336400B9E721 /* Build configuration list for PBXNativeTarget "Mini4" */;
			buildPhases = (
				BA78B4E970A4E1DDED13C78A /* [CP] Check Pods Manifest.lock */,
				1CC8103F2702336200B9E721 /* Sources */,
				1CC810402702336200B9E721 /* Frameworks */,
				1CC810412702336200B9E721 /* Resources */,
				298546A108E67826874EB6E6 /* [CP] Embed Pods Frameworks */,
			);
			buildRules = (
			);
			dependencies = (
			);
			name = Mini4;
			productName = Mini4;
			productReference = 1CC810432702336200B9E721 /* Mini4.app */;
			productType = "com.apple.product-type.application";
		};
		1CC81075270237F400B9E721 /* Mini4Admin */ = {
			isa = PBXNativeTarget;
			buildConfigurationList = 1CC81083270237F400B9E721 /* Build configuration list for PBXNativeTarget "Mini4Admin" */;
			buildPhases = (
				1CC81077270237F400B9E721 /* Sources */,
				1CC8107B270237F400B9E721 /* Frameworks */,
				1CC8107D270237F400B9E721 /* Resources */,
			);
			buildRules = (
			);
			dependencies = (
			);
			name = Mini4Admin;
			productName = Mini4;
			productReference = 1CC81086270237F400B9E721 /* Mini4Admin.app */;
			productType = "com.apple.product-type.application";
		};
/* End PBXNativeTarget section */

/* Begin PBXProject section */
		1CC8103B2702336200B9E721 /* Project object */ = {
			isa = PBXProject;
			attributes = {
				LastSwiftUpdateCheck = 1250;
				LastUpgradeCheck = 1250;
				TargetAttributes = {
					1CC810422702336200B9E721 = {
						CreatedOnToolsVersion = 12.5.1;
					};
				};
			};
			buildConfigurationList = 1CC8103E2702336200B9E721 /* Build configuration list for PBXProject "Mini4" */;
			compatibilityVersion = "Xcode 9.3";
			developmentRegion = en;
			hasScannedForEncodings = 0;
			knownRegions = (
				en,
				Base,
			);
			mainGroup = 1CC8103A2702336200B9E721;
			productRefGroup = 1CC810442702336200B9E721 /* Products */;
			projectDirPath = "";
			projectRoot = "";
			targets = (
				1CC810422702336200B9E721 /* Mini4 */,
				1CC81075270237F400B9E721 /* Mini4Admin */,
			);
		};
/* End PBXProject section */

/* Begin PBXResourcesBuildPhase section */
		1CC810412702336200B9E721 /* Resources */ = {
			isa = PBXResourcesBuildPhase;
			buildActionMask = 2147483647;
			files = (
				1CC810532702336400B9E721 /* LaunchScreen.storyboard in Resources */,
				853BC76C2710D418007C589D /* GoogleService-Info.plist in Resources */,
				1CC810502702336400B9E721 /* Preview Assets.xcassets in Resources */,
				1CC8104D2702336400B9E721 /* Assets.xcassets in Resources */,
			);
			runOnlyForDeploymentPostprocessing = 0;
		};
		1CC8107D270237F400B9E721 /* Resources */ = {
			isa = PBXResourcesBuildPhase;
			buildActionMask = 2147483647;
			files = (
				1CC8107E270237F400B9E721 /* LaunchScreen.storyboard in Resources */,
				853BC76E2710D483007C589D /* GoogleService-Info-admin.plist in Resources */,
				1CC81080270237F400B9E721 /* Preview Assets.xcassets in Resources */,
				1CC81081270237F400B9E721 /* Assets.xcassets in Resources */,
			);
			runOnlyForDeploymentPostprocessing = 0;
		};
/* End PBXResourcesBuildPhase section */

/* Begin PBXShellScriptBuildPhase section */
		298546A108E67826874EB6E6 /* [CP] Embed Pods Frameworks */ = {
			isa = PBXShellScriptBuildPhase;
			buildActionMask = 2147483647;
			files = (
			);
			inputFileListPaths = (
				"${PODS_ROOT}/Target Support Files/Pods-Mini4/Pods-Mini4-frameworks-${CONFIGURATION}-input-files.xcfilelist",
			);
			name = "[CP] Embed Pods Frameworks";
			outputFileListPaths = (
				"${PODS_ROOT}/Target Support Files/Pods-Mini4/Pods-Mini4-frameworks-${CONFIGURATION}-output-files.xcfilelist",
			);
			runOnlyForDeploymentPostprocessing = 0;
			shellPath = /bin/sh;
			shellScript = "\"${PODS_ROOT}/Target Support Files/Pods-Mini4/Pods-Mini4-frameworks.sh\"\n";
			showEnvVarsInLog = 0;
		};
		BA78B4E970A4E1DDED13C78A /* [CP] Check Pods Manifest.lock */ = {
			isa = PBXShellScriptBuildPhase;
			buildActionMask = 2147483647;
			files = (
			);
			inputFileListPaths = (
			);
			inputPaths = (
				"${PODS_PODFILE_DIR_PATH}/Podfile.lock",
				"${PODS_ROOT}/Manifest.lock",
			);
			name = "[CP] Check Pods Manifest.lock";
			outputFileListPaths = (
			);
			outputPaths = (
				"$(DERIVED_FILE_DIR)/Pods-Mini4-checkManifestLockResult.txt",
			);
			runOnlyForDeploymentPostprocessing = 0;
			shellPath = /bin/sh;
			shellScript = "diff \"${PODS_PODFILE_DIR_PATH}/Podfile.lock\" \"${PODS_ROOT}/Manifest.lock\" > /dev/null\nif [ $? != 0 ] ; then\n    # print error to STDERR\n    echo \"error: The sandbox is not in sync with the Podfile.lock. Run 'pod install' or update your CocoaPods installation.\" >&2\n    exit 1\nfi\n# This output is used by Xcode 'outputs' to avoid re-running this script phase.\necho \"SUCCESS\" > \"${SCRIPT_OUTPUT_FILE_0}\"\n";
			showEnvVarsInLog = 0;
		};
/* End PBXShellScriptBuildPhase section */

/* Begin PBXSourcesBuildPhase section */
		1CC8103F2702336200B9E721 /* Sources */ = {
			isa = PBXSourcesBuildPhase;
			buildActionMask = 2147483647;
			files = (
				1C136A3E27175E0A00D09E9D /* SearchBarView.swift in Sources */,
				1CC810472702336200B9E721 /* AppDelegate.swift in Sources */,
				A30BA3AD270F5C9F00D2222B /* Color+Extension.swift in Sources */,
				1CC810492702336200B9E721 /* SceneDelegate.swift in Sources */,
				1CC8109C27038A3100B9E721 /* Organizacao.swift in Sources */,
				A30BA3B2270F6DE400D2222B /* SobreOngView.swift in Sources */,
				1C136A412718971800D09E9D /* ItemListaVerticalView.swift in Sources */,
				1C136A27270CC6F400D09E9D /* EstoqueViewModel.swift in Sources */,
				A3AE97EF2717A91B00DEB318 /* DialogCard.swift in Sources */,
				8553EDCA2704E6A300DB408D /* DoadorHome.swift in Sources */,
				1C136A21270B9AEC00D09E9D /* EnderecoViewModel.swift in Sources */,
				1C136A2A270CCD3B00D09E9D /* EstoqueFormView.swift in Sources */,
				8553EDCC2704F17900DB408D /* OngView.swift in Sources */,
				1CC8109827038A3100B9E721 /* Endereco.swift in Sources */,
				8B12DA562710BE5900A19E3B /* Category.swift in Sources */,
				1CC8109E27038A3100B9E721 /* Item.swift in Sources */,
				1CC810A227038E7400B9E721 /* OngViewModel.swift in Sources */,
				1CD911DD270B7224007B2D05 /* BancoViewModel.swift in Sources */,
				1C136A3A270E399E00D09E9D /* ItemListaView.swift in Sources */,
				1C136A37270E391C00D09E9D /* TelaListaView.swift in Sources */,
				8B12DA592710BE9700A19E3B /* PickerCustom.swift in Sources */,
				A3ADA90E270CC6BE0005A81E /* Button+Extension.swift in Sources */,
				1CC8104B2702336200B9E721 /* ContentView.swift in Sources */,
				1CC8109A27038A3100B9E721 /* Banco.swift in Sources */,
			);
			runOnlyForDeploymentPostprocessing = 0;
		};
		1CC81077270237F400B9E721 /* Sources */ = {
			isa = PBXSourcesBuildPhase;
			buildActionMask = 2147483647;
			files = (
				1CC81078270237F400B9E721 /* AppDelegate.swift in Sources */,
				1CC81079270237F400B9E721 /* SceneDelegate.swift in Sources */,
				1C136A422718971800D09E9D /* ItemListaVerticalView.swift in Sources */,
				1C136A2B270CCD3B00D09E9D /* EstoqueFormView.swift in Sources */,
				1C136A25270BA41500D09E9D /* EnderecoViewModel.swift in Sources */,
				1C136A3F27175E0A00D09E9D /* SearchBarView.swift in Sources */,
				A30BA3B3270F6DE400D2222B /* SobreOngView.swift in Sources */,
				1C136A28270CC6F400D09E9D /* EstoqueViewModel.swift in Sources */,
				8B12DA5A2710BE9700A19E3B /* PickerCustom.swift in Sources */,
				1CC810B027064ABF00B9E721 /* BancoFormView.swift in Sources */,
				85E49094270B9402009CD6FE /* InfoGeralFormView.swift in Sources */,
				85E49098270B989A009CD6FE /* ContatoFormView.swift in Sources */,
				1C136A38270E391C00D09E9D /* TelaListaView.swift in Sources */,
				A30BA3AE270F5C9F00D2222B /* Color+Extension.swift in Sources */,
				1CC8109D27038A3100B9E721 /* Organizacao.swift in Sources */,
				1CC8109927038A3100B9E721 /* Endereco.swift in Sources */,
				1C136A24270BA39E00D09E9D /* EnderecoFormView.swift in Sources */,
				1C136A3C270E402B00D09E9D /* OngView.swift in Sources */,
				1CC8109F27038A3100B9E721 /* Item.swift in Sources */,
				1C136A3B270E399E00D09E9D /* ItemListaView.swift in Sources */,
				1CD911DE270B778F007B2D05 /* BancoViewModel.swift in Sources */,
				8578A636270E23520064497C /* Button+Extension.swift in Sources */,
				1CC810AB2703B0B000B9E721 /* OngFormView.swift in Sources */,
				1CC810A327038E7400B9E721 /* OngViewModel.swift in Sources */,
				1CC8107A270237F400B9E721 /* ContentView.swift in Sources */,
				1CC8109B27038A3100B9E721 /* Banco.swift in Sources */,
				8B12DA572710BE5900A19E3B /* Category.swift in Sources */,
			);
			runOnlyForDeploymentPostprocessing = 0;
		};
/* End PBXSourcesBuildPhase section */

/* Begin PBXVariantGroup section */
		1CC810512702336400B9E721 /* LaunchScreen.storyboard */ = {
			isa = PBXVariantGroup;
			children = (
				1CC810522702336400B9E721 /* Base */,
			);
			name = LaunchScreen.storyboard;
			sourceTree = "<group>";
		};
/* End PBXVariantGroup section */

/* Begin XCBuildConfiguration section */
		1CC810552702336400B9E721 /* Debug */ = {
			isa = XCBuildConfiguration;
			buildSettings = {
				ALWAYS_SEARCH_USER_PATHS = NO;
				CLANG_ANALYZER_NONNULL = YES;
				CLANG_ANALYZER_NUMBER_OBJECT_CONVERSION = YES_AGGRESSIVE;
				CLANG_CXX_LANGUAGE_STANDARD = "gnu++14";
				CLANG_CXX_LIBRARY = "libc++";
				CLANG_ENABLE_MODULES = YES;
				CLANG_ENABLE_OBJC_ARC = YES;
				CLANG_ENABLE_OBJC_WEAK = YES;
				CLANG_WARN_BLOCK_CAPTURE_AUTORELEASING = YES;
				CLANG_WARN_BOOL_CONVERSION = YES;
				CLANG_WARN_COMMA = YES;
				CLANG_WARN_CONSTANT_CONVERSION = YES;
				CLANG_WARN_DEPRECATED_OBJC_IMPLEMENTATIONS = YES;
				CLANG_WARN_DIRECT_OBJC_ISA_USAGE = YES_ERROR;
				CLANG_WARN_DOCUMENTATION_COMMENTS = YES;
				CLANG_WARN_EMPTY_BODY = YES;
				CLANG_WARN_ENUM_CONVERSION = YES;
				CLANG_WARN_INFINITE_RECURSION = YES;
				CLANG_WARN_INT_CONVERSION = YES;
				CLANG_WARN_NON_LITERAL_NULL_CONVERSION = YES;
				CLANG_WARN_OBJC_IMPLICIT_RETAIN_SELF = YES;
				CLANG_WARN_OBJC_LITERAL_CONVERSION = YES;
				CLANG_WARN_OBJC_ROOT_CLASS = YES_ERROR;
				CLANG_WARN_QUOTED_INCLUDE_IN_FRAMEWORK_HEADER = YES;
				CLANG_WARN_RANGE_LOOP_ANALYSIS = YES;
				CLANG_WARN_STRICT_PROTOTYPES = YES;
				CLANG_WARN_SUSPICIOUS_MOVE = YES;
				CLANG_WARN_UNGUARDED_AVAILABILITY = YES_AGGRESSIVE;
				CLANG_WARN_UNREACHABLE_CODE = YES;
				CLANG_WARN__DUPLICATE_METHOD_MATCH = YES;
				COPY_PHASE_STRIP = NO;
				DEBUG_INFORMATION_FORMAT = dwarf;
				ENABLE_STRICT_OBJC_MSGSEND = YES;
				ENABLE_TESTABILITY = YES;
				GCC_C_LANGUAGE_STANDARD = gnu11;
				GCC_DYNAMIC_NO_PIC = NO;
				GCC_NO_COMMON_BLOCKS = YES;
				GCC_OPTIMIZATION_LEVEL = 0;
				GCC_PREPROCESSOR_DEFINITIONS = (
					"DEBUG=1",
					"$(inherited)",
				);
				GCC_WARN_64_TO_32_BIT_CONVERSION = YES;
				GCC_WARN_ABOUT_RETURN_TYPE = YES_ERROR;
				GCC_WARN_UNDECLARED_SELECTOR = YES;
				GCC_WARN_UNINITIALIZED_AUTOS = YES_AGGRESSIVE;
				GCC_WARN_UNUSED_FUNCTION = YES;
				GCC_WARN_UNUSED_VARIABLE = YES;
				IPHONEOS_DEPLOYMENT_TARGET = 14.5;
				MTL_ENABLE_DEBUG_INFO = INCLUDE_SOURCE;
				MTL_FAST_MATH = YES;
				ONLY_ACTIVE_ARCH = YES;
				SDKROOT = iphoneos;
				SWIFT_ACTIVE_COMPILATION_CONDITIONS = DEBUG;
				SWIFT_OPTIMIZATION_LEVEL = "-Onone";
			};
			name = Debug;
		};
		1CC810562702336400B9E721 /* Release */ = {
			isa = XCBuildConfiguration;
			buildSettings = {
				ALWAYS_SEARCH_USER_PATHS = NO;
				CLANG_ANALYZER_NONNULL = YES;
				CLANG_ANALYZER_NUMBER_OBJECT_CONVERSION = YES_AGGRESSIVE;
				CLANG_CXX_LANGUAGE_STANDARD = "gnu++14";
				CLANG_CXX_LIBRARY = "libc++";
				CLANG_ENABLE_MODULES = YES;
				CLANG_ENABLE_OBJC_ARC = YES;
				CLANG_ENABLE_OBJC_WEAK = YES;
				CLANG_WARN_BLOCK_CAPTURE_AUTORELEASING = YES;
				CLANG_WARN_BOOL_CONVERSION = YES;
				CLANG_WARN_COMMA = YES;
				CLANG_WARN_CONSTANT_CONVERSION = YES;
				CLANG_WARN_DEPRECATED_OBJC_IMPLEMENTATIONS = YES;
				CLANG_WARN_DIRECT_OBJC_ISA_USAGE = YES_ERROR;
				CLANG_WARN_DOCUMENTATION_COMMENTS = YES;
				CLANG_WARN_EMPTY_BODY = YES;
				CLANG_WARN_ENUM_CONVERSION = YES;
				CLANG_WARN_INFINITE_RECURSION = YES;
				CLANG_WARN_INT_CONVERSION = YES;
				CLANG_WARN_NON_LITERAL_NULL_CONVERSION = YES;
				CLANG_WARN_OBJC_IMPLICIT_RETAIN_SELF = YES;
				CLANG_WARN_OBJC_LITERAL_CONVERSION = YES;
				CLANG_WARN_OBJC_ROOT_CLASS = YES_ERROR;
				CLANG_WARN_QUOTED_INCLUDE_IN_FRAMEWORK_HEADER = YES;
				CLANG_WARN_RANGE_LOOP_ANALYSIS = YES;
				CLANG_WARN_STRICT_PROTOTYPES = YES;
				CLANG_WARN_SUSPICIOUS_MOVE = YES;
				CLANG_WARN_UNGUARDED_AVAILABILITY = YES_AGGRESSIVE;
				CLANG_WARN_UNREACHABLE_CODE = YES;
				CLANG_WARN__DUPLICATE_METHOD_MATCH = YES;
				COPY_PHASE_STRIP = NO;
				DEBUG_INFORMATION_FORMAT = "dwarf-with-dsym";
				ENABLE_NS_ASSERTIONS = NO;
				ENABLE_STRICT_OBJC_MSGSEND = YES;
				GCC_C_LANGUAGE_STANDARD = gnu11;
				GCC_NO_COMMON_BLOCKS = YES;
				GCC_WARN_64_TO_32_BIT_CONVERSION = YES;
				GCC_WARN_ABOUT_RETURN_TYPE = YES_ERROR;
				GCC_WARN_UNDECLARED_SELECTOR = YES;
				GCC_WARN_UNINITIALIZED_AUTOS = YES_AGGRESSIVE;
				GCC_WARN_UNUSED_FUNCTION = YES;
				GCC_WARN_UNUSED_VARIABLE = YES;
				IPHONEOS_DEPLOYMENT_TARGET = 14.5;
				MTL_ENABLE_DEBUG_INFO = NO;
				MTL_FAST_MATH = YES;
				SDKROOT = iphoneos;
				SWIFT_COMPILATION_MODE = wholemodule;
				SWIFT_OPTIMIZATION_LEVEL = "-O";
				VALIDATE_PRODUCT = YES;
			};
			name = Release;
		};
		1CC810582702336400B9E721 /* Debug */ = {
			isa = XCBuildConfiguration;
			baseConfigurationReference = 83A6578411934C5392EA1241 /* Pods-Mini4.debug.xcconfig */;
			buildSettings = {
				ASSETCATALOG_COMPILER_APPICON_NAME = AppIcon;
				ASSETCATALOG_COMPILER_GLOBAL_ACCENT_COLOR_NAME = AccentColor;
				CODE_SIGN_ENTITLEMENTS = Mini4/Mini4.entitlements;
				CODE_SIGN_STYLE = Automatic;
				DEVELOPMENT_ASSET_PATHS = "\"Mini4/Preview Content\"";
				DEVELOPMENT_TEAM = LW4D8C52G7;
				ENABLE_PREVIEWS = YES;
				INFOPLIST_FILE = Mini4/Info.plist;
				IPHONEOS_DEPLOYMENT_TARGET = 14.5;
				LD_RUNPATH_SEARCH_PATHS = (
					"$(inherited)",
					"@executable_path/Frameworks",
				);
				OTHER_SWIFT_FLAGS = "-D Mini4";
				PRODUCT_BUNDLE_IDENTIFIER = academy.com.Grupo3.Mini4;
				PRODUCT_NAME = "$(TARGET_NAME)";
				SUPPORTS_MACCATALYST = YES;
				SWIFT_VERSION = 5.0;
				TARGETED_DEVICE_FAMILY = "1,2";
			};
			name = Debug;
		};
		1CC810592702336400B9E721 /* Release */ = {
			isa = XCBuildConfiguration;
			baseConfigurationReference = AABDF4AB429958E127B17A6B /* Pods-Mini4.release.xcconfig */;
			buildSettings = {
				ASSETCATALOG_COMPILER_APPICON_NAME = AppIcon;
				ASSETCATALOG_COMPILER_GLOBAL_ACCENT_COLOR_NAME = AccentColor;
				CODE_SIGN_ENTITLEMENTS = Mini4/Mini4.entitlements;
				CODE_SIGN_STYLE = Automatic;
				DEVELOPMENT_ASSET_PATHS = "\"Mini4/Preview Content\"";
				DEVELOPMENT_TEAM = LW4D8C52G7;
				ENABLE_PREVIEWS = YES;
				INFOPLIST_FILE = Mini4/Info.plist;
				IPHONEOS_DEPLOYMENT_TARGET = 14.5;
				LD_RUNPATH_SEARCH_PATHS = (
					"$(inherited)",
					"@executable_path/Frameworks",
				);
				OTHER_SWIFT_FLAGS = "-D Mini4";
				PRODUCT_BUNDLE_IDENTIFIER = academy.com.Grupo3.Mini4;
				PRODUCT_NAME = "$(TARGET_NAME)";
				SUPPORTS_MACCATALYST = YES;
				SWIFT_VERSION = 5.0;
				TARGETED_DEVICE_FAMILY = "1,2";
			};
			name = Release;
		};
		1CC81084270237F400B9E721 /* Debug */ = {
			isa = XCBuildConfiguration;
			buildSettings = {
				ASSETCATALOG_COMPILER_APPICON_NAME = AppIcon;
				ASSETCATALOG_COMPILER_GLOBAL_ACCENT_COLOR_NAME = AccentColor;
				CODE_SIGN_ENTITLEMENTS = Mini4/Mini4.entitlements;
				CODE_SIGN_STYLE = Automatic;
				DEVELOPMENT_ASSET_PATHS = "\"Mini4/Preview Content\"";
				DEVELOPMENT_TEAM = LW4D8C52G7;
				ENABLE_PREVIEWS = YES;
				INFOPLIST_FILE = "Mini4 copy-Info.plist";
				LD_RUNPATH_SEARCH_PATHS = (
					"$(inherited)",
					"@executable_path/Frameworks",
				);
				OTHER_SWIFT_FLAGS = "-D MiniAdmin";
				PRODUCT_BUNDLE_IDENTIFIER = academy.com.Grupo3.Mini4Admin;
				PRODUCT_NAME = "$(TARGET_NAME)";
				SUPPORTS_MACCATALYST = YES;
				SWIFT_VERSION = 5.0;
				TARGETED_DEVICE_FAMILY = "1,2";
			};
			name = Debug;
		};
		1CC81085270237F400B9E721 /* Release */ = {
			isa = XCBuildConfiguration;
			buildSettings = {
				ASSETCATALOG_COMPILER_APPICON_NAME = AppIcon;
				ASSETCATALOG_COMPILER_GLOBAL_ACCENT_COLOR_NAME = AccentColor;
				CODE_SIGN_ENTITLEMENTS = Mini4/Mini4.entitlements;
				CODE_SIGN_STYLE = Automatic;
				DEVELOPMENT_ASSET_PATHS = "\"Mini4/Preview Content\"";
				DEVELOPMENT_TEAM = LW4D8C52G7;
				ENABLE_PREVIEWS = YES;
				INFOPLIST_FILE = "Mini4 copy-Info.plist";
				LD_RUNPATH_SEARCH_PATHS = (
					"$(inherited)",
					"@executable_path/Frameworks",
				);
				OTHER_SWIFT_FLAGS = "-D MiniAdmin";
				PRODUCT_BUNDLE_IDENTIFIER = academy.com.Grupo3.Mini4Admin;
				PRODUCT_NAME = "$(TARGET_NAME)";
				SUPPORTS_MACCATALYST = YES;
				SWIFT_VERSION = 5.0;
				TARGETED_DEVICE_FAMILY = "1,2";
			};
			name = Release;
		};
/* End XCBuildConfiguration section */

/* Begin XCConfigurationList section */
		1CC8103E2702336200B9E721 /* Build configuration list for PBXProject "Mini4" */ = {
			isa = XCConfigurationList;
			buildConfigurations = (
				1CC810552702336400B9E721 /* Debug */,
				1CC810562702336400B9E721 /* Release */,
			);
			defaultConfigurationIsVisible = 0;
			defaultConfigurationName = Release;
		};
		1CC810572702336400B9E721 /* Build configuration list for PBXNativeTarget "Mini4" */ = {
			isa = XCConfigurationList;
			buildConfigurations = (
				1CC810582702336400B9E721 /* Debug */,
				1CC810592702336400B9E721 /* Release */,
			);
			defaultConfigurationIsVisible = 0;
			defaultConfigurationName = Release;
		};
		1CC81083270237F400B9E721 /* Build configuration list for PBXNativeTarget "Mini4Admin" */ = {
			isa = XCConfigurationList;
			buildConfigurations = (
				1CC81084270237F400B9E721 /* Debug */,
				1CC81085270237F400B9E721 /* Release */,
			);
			defaultConfigurationIsVisible = 0;
			defaultConfigurationName = Release;
		};
/* End XCConfigurationList section */
	};
	rootObject = 1CC8103B2702336200B9E721 /* Project object */;
}
