// !$*UTF8*$!
{
	archiveVersion = 1;
	classes = {
	};
	objectVersion = 51;
	objects = {

/* Begin PBXBuildFile section */
		1C136A24270BA39E00D09E9D /* EnderecoFormView.swift in Sources */ = {isa = PBXBuildFile; fileRef = 1C136A22270BA39E00D09E9D /* EnderecoFormView.swift */; };
		1C136A37270E391C00D09E9D /* TelaListaView.swift in Sources */ = {isa = PBXBuildFile; fileRef = 1C136A36270E391C00D09E9D /* TelaListaView.swift */; };
		1C136A38270E391C00D09E9D /* TelaListaView.swift in Sources */ = {isa = PBXBuildFile; fileRef = 1C136A36270E391C00D09E9D /* TelaListaView.swift */; };
		1C136A3A270E399E00D09E9D /* ItemListaView.swift in Sources */ = {isa = PBXBuildFile; fileRef = 1C136A39270E399E00D09E9D /* ItemListaView.swift */; };
		1C136A3B270E399E00D09E9D /* ItemListaView.swift in Sources */ = {isa = PBXBuildFile; fileRef = 1C136A39270E399E00D09E9D /* ItemListaView.swift */; };
		1C136A3E27175E0A00D09E9D /* SearchBarView.swift in Sources */ = {isa = PBXBuildFile; fileRef = 1C136A3D27175E0A00D09E9D /* SearchBarView.swift */; };
		1C136A3F27175E0A00D09E9D /* SearchBarView.swift in Sources */ = {isa = PBXBuildFile; fileRef = 1C136A3D27175E0A00D09E9D /* SearchBarView.swift */; };
		1C136A412718971800D09E9D /* ItemListaVerticalView.swift in Sources */ = {isa = PBXBuildFile; fileRef = 1C136A402718971800D09E9D /* ItemListaVerticalView.swift */; };
		1C136A422718971800D09E9D /* ItemListaVerticalView.swift in Sources */ = {isa = PBXBuildFile; fileRef = 1C136A402718971800D09E9D /* ItemListaVerticalView.swift */; };
		1C5CC92E272094410078EC01 /* FiltroModal.swift in Sources */ = {isa = PBXBuildFile; fileRef = 1C5CC92D272094410078EC01 /* FiltroModal.swift */; };
		1C5CC92F272094410078EC01 /* FiltroModal.swift in Sources */ = {isa = PBXBuildFile; fileRef = 1C5CC92D272094410078EC01 /* FiltroModal.swift */; };
		1C5CC9312720ACC70078EC01 /* ListaVerticalItem.swift in Sources */ = {isa = PBXBuildFile; fileRef = 1C5CC9302720ACC70078EC01 /* ListaVerticalItem.swift */; };
		1C5CC9322720AE9B0078EC01 /* ListaVerticalItem.swift in Sources */ = {isa = PBXBuildFile; fileRef = 1C5CC9302720ACC70078EC01 /* ListaVerticalItem.swift */; };
		1C5CC9342721CC130078EC01 /* ListaGridItem.swift in Sources */ = {isa = PBXBuildFile; fileRef = 1C5CC9332721CC130078EC01 /* ListaGridItem.swift */; };
		1C5CC9352721CC130078EC01 /* ListaGridItem.swift in Sources */ = {isa = PBXBuildFile; fileRef = 1C5CC9332721CC130078EC01 /* ListaGridItem.swift */; };
		1C7DF8D5272B1E2300D227CA /* OngService.swift in Sources */ = {isa = PBXBuildFile; fileRef = 1C7DF8D4272B1E2300D227CA /* OngService.swift */; };
		1C7DF8D6272B1E2300D227CA /* OngService.swift in Sources */ = {isa = PBXBuildFile; fileRef = 1C7DF8D4272B1E2300D227CA /* OngService.swift */; };
		1C9A05A5273AEB2E004E629B /* SobreOngDoadorView.swift in Sources */ = {isa = PBXBuildFile; fileRef = 1C9A05A4273AEB2E004E629B /* SobreOngDoadorView.swift */; };
		1C9A05A7273AECF4004E629B /* SobreOngDoadorViewModel.swift in Sources */ = {isa = PBXBuildFile; fileRef = 1C9A05A6273AECF4004E629B /* SobreOngDoadorViewModel.swift */; };
		1CAC66CC27483D2B00CE7DC6 /* Keyboard+Extension.swift in Sources */ = {isa = PBXBuildFile; fileRef = 1CAC66CB27483D2B00CE7DC6 /* Keyboard+Extension.swift */; };
		1CAC66CD27483D2B00CE7DC6 /* Keyboard+Extension.swift in Sources */ = {isa = PBXBuildFile; fileRef = 1CAC66CB27483D2B00CE7DC6 /* Keyboard+Extension.swift */; };
		1CC810472702336200B9E721 /* AppDelegate.swift in Sources */ = {isa = PBXBuildFile; fileRef = 1CC810462702336200B9E721 /* AppDelegate.swift */; };
		1CC810492702336200B9E721 /* SceneDelegate.swift in Sources */ = {isa = PBXBuildFile; fileRef = 1CC810482702336200B9E721 /* SceneDelegate.swift */; };
		1CC8104B2702336200B9E721 /* ContentView.swift in Sources */ = {isa = PBXBuildFile; fileRef = 1CC8104A2702336200B9E721 /* ContentView.swift */; };
		1CC8104D2702336400B9E721 /* Assets.xcassets in Resources */ = {isa = PBXBuildFile; fileRef = 1CC8104C2702336400B9E721 /* Assets.xcassets */; };
		1CC810502702336400B9E721 /* Preview Assets.xcassets in Resources */ = {isa = PBXBuildFile; fileRef = 1CC8104F2702336400B9E721 /* Preview Assets.xcassets */; };
		1CC810532702336400B9E721 /* LaunchScreen.storyboard in Resources */ = {isa = PBXBuildFile; fileRef = 1CC810512702336400B9E721 /* LaunchScreen.storyboard */; };
		1CC81078270237F400B9E721 /* AppDelegate.swift in Sources */ = {isa = PBXBuildFile; fileRef = 1CC810462702336200B9E721 /* AppDelegate.swift */; };
		1CC81079270237F400B9E721 /* SceneDelegate.swift in Sources */ = {isa = PBXBuildFile; fileRef = 1CC810482702336200B9E721 /* SceneDelegate.swift */; };
		1CC8107A270237F400B9E721 /* ContentView.swift in Sources */ = {isa = PBXBuildFile; fileRef = 1CC8104A2702336200B9E721 /* ContentView.swift */; };
		1CC8107E270237F400B9E721 /* LaunchScreen.storyboard in Resources */ = {isa = PBXBuildFile; fileRef = 1CC810512702336400B9E721 /* LaunchScreen.storyboard */; };
		1CC81080270237F400B9E721 /* Preview Assets.xcassets in Resources */ = {isa = PBXBuildFile; fileRef = 1CC8104F2702336400B9E721 /* Preview Assets.xcassets */; };
		1CC81081270237F400B9E721 /* Assets.xcassets in Resources */ = {isa = PBXBuildFile; fileRef = 1CC8104C2702336400B9E721 /* Assets.xcassets */; };
		1CC8109827038A3100B9E721 /* Endereco.swift in Sources */ = {isa = PBXBuildFile; fileRef = 1CC8109427038A3100B9E721 /* Endereco.swift */; };
		1CC8109927038A3100B9E721 /* Endereco.swift in Sources */ = {isa = PBXBuildFile; fileRef = 1CC8109427038A3100B9E721 /* Endereco.swift */; };
		1CC8109A27038A3100B9E721 /* Banco.swift in Sources */ = {isa = PBXBuildFile; fileRef = 1CC8109527038A3100B9E721 /* Banco.swift */; };
		1CC8109B27038A3100B9E721 /* Banco.swift in Sources */ = {isa = PBXBuildFile; fileRef = 1CC8109527038A3100B9E721 /* Banco.swift */; };
		1CC8109C27038A3100B9E721 /* Organizacao.swift in Sources */ = {isa = PBXBuildFile; fileRef = 1CC8109627038A3100B9E721 /* Organizacao.swift */; };
		1CC8109D27038A3100B9E721 /* Organizacao.swift in Sources */ = {isa = PBXBuildFile; fileRef = 1CC8109627038A3100B9E721 /* Organizacao.swift */; };
		1CC8109E27038A3100B9E721 /* Item.swift in Sources */ = {isa = PBXBuildFile; fileRef = 1CC8109727038A3100B9E721 /* Item.swift */; };
		1CC8109F27038A3100B9E721 /* Item.swift in Sources */ = {isa = PBXBuildFile; fileRef = 1CC8109727038A3100B9E721 /* Item.swift */; };
		1CC810B027064ABF00B9E721 /* BancoFormView.swift in Sources */ = {isa = PBXBuildFile; fileRef = 1CC810AE27064AB800B9E721 /* BancoFormView.swift */; };
		1CFC96AA2718BF8D00B33A9E /* DialogCard.swift in Sources */ = {isa = PBXBuildFile; fileRef = A3AE97EE2717A91B00DEB318 /* DialogCard.swift */; };
		1CFC96AC2719E47900B33A9E /* TituloListaView.swift in Sources */ = {isa = PBXBuildFile; fileRef = 1CFC96AB2719E47900B33A9E /* TituloListaView.swift */; };
		1CFC96AD2719E47900B33A9E /* TituloListaView.swift in Sources */ = {isa = PBXBuildFile; fileRef = 1CFC96AB2719E47900B33A9E /* TituloListaView.swift */; };
		59930C97152F84B74FBDEE3A /* Pods_Relpi.framework in Frameworks */ = {isa = PBXBuildFile; fileRef = 5DEE601D68E77A6665D6809C /* Pods_Relpi.framework */; };
		850C71F92731912300902BFC /* EstoqueService.swift in Sources */ = {isa = PBXBuildFile; fileRef = 850C71F82731912300902BFC /* EstoqueService.swift */; };
		850C71FA2731912300902BFC /* EstoqueService.swift in Sources */ = {isa = PBXBuildFile; fileRef = 850C71F82731912300902BFC /* EstoqueService.swift */; };
		8521234627399ECB00A4AEF3 /* SobreOngViewModel.swift in Sources */ = {isa = PBXBuildFile; fileRef = 8521234527399ECB00A4AEF3 /* SobreOngViewModel.swift */; };
		852B1C9E2744310B00A60B71 /* Relpi copy-Info.plist in Resources */ = {isa = PBXBuildFile; fileRef = 852B1C9D2744310A00A60B71 /* Relpi copy-Info.plist */; };
		852B1CA0274432F700A60B71 /* GoogleService-Info.plist in Resources */ = {isa = PBXBuildFile; fileRef = 852B1C9F274432F700A60B71 /* GoogleService-Info.plist */; };
		852B1CA22744330400A60B71 /* GoogleService-Info-admin.plist in Resources */ = {isa = PBXBuildFile; fileRef = 852B1CA12744330400A60B71 /* GoogleService-Info-admin.plist */; };
		854B99012722DBB900B1CEF9 /* LoginViewModel.swift in Sources */ = {isa = PBXBuildFile; fileRef = 854B99002722DBB900B1CEF9 /* LoginViewModel.swift */; };
		854B99022722DBB900B1CEF9 /* LoginViewModel.swift in Sources */ = {isa = PBXBuildFile; fileRef = 854B99002722DBB900B1CEF9 /* LoginViewModel.swift */; };
		8553EDCA2704E6A300DB408D /* DoadorHome.swift in Sources */ = {isa = PBXBuildFile; fileRef = 8553EDC92704E6A300DB408D /* DoadorHome.swift */; };
		855EB88D2718F24D004468EC /* ImageStorageService.swift in Sources */ = {isa = PBXBuildFile; fileRef = 855EB88C2718F24D004468EC /* ImageStorageService.swift */; };
		855EB88E2718F24D004468EC /* ImageStorageService.swift in Sources */ = {isa = PBXBuildFile; fileRef = 855EB88C2718F24D004468EC /* ImageStorageService.swift */; };
		8578A636270E23520064497C /* Button+Extension.swift in Sources */ = {isa = PBXBuildFile; fileRef = A3ADA90D270CC6BE0005A81E /* Button+Extension.swift */; };
		8592BE16272B41A2002165EF /* OngFormViewModel.swift in Sources */ = {isa = PBXBuildFile; fileRef = 8592BE15272B41A2002165EF /* OngFormViewModel.swift */; };
		8592BE18272B41B1002165EF /* OngFormView.swift in Sources */ = {isa = PBXBuildFile; fileRef = 8592BE17272B41B1002165EF /* OngFormView.swift */; };
		85936F88273DB07B00A88EA2 /* ImageCache.swift in Sources */ = {isa = PBXBuildFile; fileRef = 85936F87273DB07B00A88EA2 /* ImageCache.swift */; };
		85936F89273DB07B00A88EA2 /* ImageCache.swift in Sources */ = {isa = PBXBuildFile; fileRef = 85936F87273DB07B00A88EA2 /* ImageCache.swift */; };
		85AC8807270F66E400BFDF96 /* ImagePickerView.swift in Sources */ = {isa = PBXBuildFile; fileRef = 85AC8806270F66E400BFDF96 /* ImagePickerView.swift */; };
		85B0CCA3273478C2002EFCEC /* DoadorHomeViewModel.swift in Sources */ = {isa = PBXBuildFile; fileRef = 85B0CCA2273478C2002EFCEC /* DoadorHomeViewModel.swift */; };
		85DAA31B2729CCB500CD7696 /* UserService.swift in Sources */ = {isa = PBXBuildFile; fileRef = 85DAA31A2729CCB500CD7696 /* UserService.swift */; };
		85DAA31D2729CD8200CD7696 /* LoginCadastroViewModel.swift in Sources */ = {isa = PBXBuildFile; fileRef = 85DAA31C2729CD8200CD7696 /* LoginCadastroViewModel.swift */; };
		85DAA31E2729CD8200CD7696 /* LoginCadastroViewModel.swift in Sources */ = {isa = PBXBuildFile; fileRef = 85DAA31C2729CD8200CD7696 /* LoginCadastroViewModel.swift */; };
		85DAA31F2729D88900CD7696 /* UserService.swift in Sources */ = {isa = PBXBuildFile; fileRef = 85DAA31A2729CCB500CD7696 /* UserService.swift */; };
		85DF1F052746CDCB008340E3 /* Categorias.swift in Sources */ = {isa = PBXBuildFile; fileRef = 85DF1F042746CDCB008340E3 /* Categorias.swift */; };
		85DF1F062746CDCB008340E3 /* Categorias.swift in Sources */ = {isa = PBXBuildFile; fileRef = 85DF1F042746CDCB008340E3 /* Categorias.swift */; };
		85E1332B2735A89400F9DEDB /* FormItem.swift in Sources */ = {isa = PBXBuildFile; fileRef = 8BCF2D9C271DF2D400E13139 /* FormItem.swift */; };
		85E1332C2735A89600F9DEDB /* FormItemViewModel.swift in Sources */ = {isa = PBXBuildFile; fileRef = 85FA0800273313D500F7D8C7 /* FormItemViewModel.swift */; };
		85E133312735B49D00F9DEDB /* ExplorarOngViewModel.swift in Sources */ = {isa = PBXBuildFile; fileRef = 85E133302735B49D00F9DEDB /* ExplorarOngViewModel.swift */; };
		85E49094270B9402009CD6FE /* InfoGeralFormView.swift in Sources */ = {isa = PBXBuildFile; fileRef = 85E49093270B9402009CD6FE /* InfoGeralFormView.swift */; };
		85E49098270B989A009CD6FE /* ContatoFormView.swift in Sources */ = {isa = PBXBuildFile; fileRef = 85E49097270B989A009CD6FE /* ContatoFormView.swift */; };
		85F5F0AE27208AE40068BE8B /* LoginCadastroView.swift in Sources */ = {isa = PBXBuildFile; fileRef = 85F5F0AC27208AE40068BE8B /* LoginCadastroView.swift */; };
		85FA07F92732C68F00F7D8C7 /* TelaListaViewModel.swift in Sources */ = {isa = PBXBuildFile; fileRef = 85FA07F82732C68F00F7D8C7 /* TelaListaViewModel.swift */; };
		85FA07FA2732C68F00F7D8C7 /* TelaListaViewModel.swift in Sources */ = {isa = PBXBuildFile; fileRef = 85FA07F82732C68F00F7D8C7 /* TelaListaViewModel.swift */; };
		85FA07FE2732FCA300F7D8C7 /* ItemViewModel.swift in Sources */ = {isa = PBXBuildFile; fileRef = 85FA07FD2732FCA300F7D8C7 /* ItemViewModel.swift */; };
		85FA07FF2732FCA300F7D8C7 /* ItemViewModel.swift in Sources */ = {isa = PBXBuildFile; fileRef = 85FA07FD2732FCA300F7D8C7 /* ItemViewModel.swift */; };
		85FA0801273313D500F7D8C7 /* FormItemViewModel.swift in Sources */ = {isa = PBXBuildFile; fileRef = 85FA0800273313D500F7D8C7 /* FormItemViewModel.swift */; };
		8B12DA562710BE5900A19E3B /* Category.swift in Sources */ = {isa = PBXBuildFile; fileRef = 8B12DA552710BE5900A19E3B /* Category.swift */; };
		8B12DA572710BE5900A19E3B /* Category.swift in Sources */ = {isa = PBXBuildFile; fileRef = 8B12DA552710BE5900A19E3B /* Category.swift */; };
		8B12DA592710BE9700A19E3B /* PickerCustom.swift in Sources */ = {isa = PBXBuildFile; fileRef = 8B12DA582710BE9700A19E3B /* PickerCustom.swift */; };
		8B12DA5A2710BE9700A19E3B /* PickerCustom.swift in Sources */ = {isa = PBXBuildFile; fileRef = 8B12DA582710BE9700A19E3B /* PickerCustom.swift */; };
		8B1E5FAF27459D4F00E4FCA3 /* SobreOngViewGeral.swift in Sources */ = {isa = PBXBuildFile; fileRef = 8B1E5FAE27459D4F00E4FCA3 /* SobreOngViewGeral.swift */; };
		8B1E5FB027459D4F00E4FCA3 /* SobreOngViewGeral.swift in Sources */ = {isa = PBXBuildFile; fileRef = 8B1E5FAE27459D4F00E4FCA3 /* SobreOngViewGeral.swift */; };
		8B1E5FB22745A2A200E4FCA3 /* SobreOngGeralViewModel.swift in Sources */ = {isa = PBXBuildFile; fileRef = 8B1E5FB12745A2A200E4FCA3 /* SobreOngGeralViewModel.swift */; };
		8B1E5FB32745A2A200E4FCA3 /* SobreOngGeralViewModel.swift in Sources */ = {isa = PBXBuildFile; fileRef = 8B1E5FB12745A2A200E4FCA3 /* SobreOngGeralViewModel.swift */; };
		8B410CF12746D80700887CE3 /* SobreOngDoadorViewModel.swift in Sources */ = {isa = PBXBuildFile; fileRef = 1C9A05A6273AECF4004E629B /* SobreOngDoadorViewModel.swift */; };
		8B410CF22746D80A00887CE3 /* SobreOngDoadorView.swift in Sources */ = {isa = PBXBuildFile; fileRef = 1C9A05A4273AEB2E004E629B /* SobreOngDoadorView.swift */; };
		8B410CF42746DFD500887CE3 /* OngFormViewModel.swift in Sources */ = {isa = PBXBuildFile; fileRef = 8592BE15272B41A2002165EF /* OngFormViewModel.swift */; };
		8BCF2D9D271DF2D400E13139 /* FormItem.swift in Sources */ = {isa = PBXBuildFile; fileRef = 8BCF2D9C271DF2D400E13139 /* FormItem.swift */; };
		8BCF2D9F271E00B500E13139 /* Quantity.swift in Sources */ = {isa = PBXBuildFile; fileRef = 8BCF2D9E271E00B500E13139 /* Quantity.swift */; };
		8BCF2DA0271E00B500E13139 /* Quantity.swift in Sources */ = {isa = PBXBuildFile; fileRef = 8BCF2D9E271E00B500E13139 /* Quantity.swift */; };
		A30BA3AD270F5C9F00D2222B /* Color+Extension.swift in Sources */ = {isa = PBXBuildFile; fileRef = A30BA3AC270F5C9F00D2222B /* Color+Extension.swift */; };
		A30BA3AE270F5C9F00D2222B /* Color+Extension.swift in Sources */ = {isa = PBXBuildFile; fileRef = A30BA3AC270F5C9F00D2222B /* Color+Extension.swift */; };
		A30BA3B2270F6DE400D2222B /* SobreOngView.swift in Sources */ = {isa = PBXBuildFile; fileRef = A30BA3B1270F6DE400D2222B /* SobreOngView.swift */; };
		A319FAC227275C51001C5073 /* ExplorarOngView.swift in Sources */ = {isa = PBXBuildFile; fileRef = A319FAC127275C51001C5073 /* ExplorarOngView.swift */; };
		A319FAC627275E2B001C5073 /* ImagePickerView.swift in Sources */ = {isa = PBXBuildFile; fileRef = 85AC8806270F66E400BFDF96 /* ImagePickerView.swift */; };
		A319FAC727275E3E001C5073 /* InfoGeralFormView.swift in Sources */ = {isa = PBXBuildFile; fileRef = 85E49093270B9402009CD6FE /* InfoGeralFormView.swift */; };
		A319FAC827275E58001C5073 /* EnderecoFormView.swift in Sources */ = {isa = PBXBuildFile; fileRef = 1C136A22270BA39E00D09E9D /* EnderecoFormView.swift */; };
		A319FAC927275E6A001C5073 /* ContatoFormView.swift in Sources */ = {isa = PBXBuildFile; fileRef = 85E49097270B989A009CD6FE /* ContatoFormView.swift */; };
		A319FACA27275E6D001C5073 /* BancoFormView.swift in Sources */ = {isa = PBXBuildFile; fileRef = 1CC810AE27064AB800B9E721 /* BancoFormView.swift */; };
		A3568F03271E2ADB00216732 /* Text+Extension.swift in Sources */ = {isa = PBXBuildFile; fileRef = A3568F02271E2ADB00216732 /* Text+Extension.swift */; };
		A35E8994271F715800F8E901 /* Text+Extension.swift in Sources */ = {isa = PBXBuildFile; fileRef = A3568F02271E2ADB00216732 /* Text+Extension.swift */; };
		A386DDB3273C4A2E002BA7BF /* LoadingView.swift in Sources */ = {isa = PBXBuildFile; fileRef = A386DDB2273C4A2E002BA7BF /* LoadingView.swift */; };
		A386DDB4273C4A2E002BA7BF /* LoadingView.swift in Sources */ = {isa = PBXBuildFile; fileRef = A386DDB2273C4A2E002BA7BF /* LoadingView.swift */; };
		A3ADA90E270CC6BE0005A81E /* Button+Extension.swift in Sources */ = {isa = PBXBuildFile; fileRef = A3ADA90D270CC6BE0005A81E /* Button+Extension.swift */; };
		A3AE97EF2717A91B00DEB318 /* DialogCard.swift in Sources */ = {isa = PBXBuildFile; fileRef = A3AE97EE2717A91B00DEB318 /* DialogCard.swift */; };
		A3D22A62271B4CD0003D69FF /* CustomTextField.swift in Sources */ = {isa = PBXBuildFile; fileRef = A3D22A61271B4CD0003D69FF /* CustomTextField.swift */; };
		A3D22A63271B4CD0003D69FF /* CustomTextField.swift in Sources */ = {isa = PBXBuildFile; fileRef = A3D22A61271B4CD0003D69FF /* CustomTextField.swift */; };
		A91A4202B166475FA5C5B6AE /* Pods_RelpiAdmin.framework in Frameworks */ = {isa = PBXBuildFile; fileRef = 955494525642010205C58BB7 /* Pods_RelpiAdmin.framework */; };
/* End PBXBuildFile section */

/* Begin PBXFileReference section */
		1C136A22270BA39E00D09E9D /* EnderecoFormView.swift */ = {isa = PBXFileReference; lastKnownFileType = sourcecode.swift; path = EnderecoFormView.swift; sourceTree = "<group>"; };
		1C136A36270E391C00D09E9D /* TelaListaView.swift */ = {isa = PBXFileReference; lastKnownFileType = sourcecode.swift; path = TelaListaView.swift; sourceTree = "<group>"; };
		1C136A39270E399E00D09E9D /* ItemListaView.swift */ = {isa = PBXFileReference; lastKnownFileType = sourcecode.swift; path = ItemListaView.swift; sourceTree = "<group>"; };
		1C136A3D27175E0A00D09E9D /* SearchBarView.swift */ = {isa = PBXFileReference; lastKnownFileType = sourcecode.swift; path = SearchBarView.swift; sourceTree = "<group>"; };
		1C136A402718971800D09E9D /* ItemListaVerticalView.swift */ = {isa = PBXFileReference; lastKnownFileType = sourcecode.swift; path = ItemListaVerticalView.swift; sourceTree = "<group>"; };
		1C5CC92D272094410078EC01 /* FiltroModal.swift */ = {isa = PBXFileReference; lastKnownFileType = sourcecode.swift; path = FiltroModal.swift; sourceTree = "<group>"; };
		1C5CC9302720ACC70078EC01 /* ListaVerticalItem.swift */ = {isa = PBXFileReference; lastKnownFileType = sourcecode.swift; path = ListaVerticalItem.swift; sourceTree = "<group>"; };
		1C5CC9332721CC130078EC01 /* ListaGridItem.swift */ = {isa = PBXFileReference; lastKnownFileType = sourcecode.swift; path = ListaGridItem.swift; sourceTree = "<group>"; };
		1C7DF8D4272B1E2300D227CA /* OngService.swift */ = {isa = PBXFileReference; lastKnownFileType = sourcecode.swift; path = OngService.swift; sourceTree = "<group>"; };
		1C9A05A4273AEB2E004E629B /* SobreOngDoadorView.swift */ = {isa = PBXFileReference; lastKnownFileType = sourcecode.swift; path = SobreOngDoadorView.swift; sourceTree = "<group>"; };
		1C9A05A6273AECF4004E629B /* SobreOngDoadorViewModel.swift */ = {isa = PBXFileReference; lastKnownFileType = sourcecode.swift; path = SobreOngDoadorViewModel.swift; sourceTree = "<group>"; };
		1CAC66CB27483D2B00CE7DC6 /* Keyboard+Extension.swift */ = {isa = PBXFileReference; lastKnownFileType = sourcecode.swift; path = "Keyboard+Extension.swift"; sourceTree = "<group>"; };
		1CC810432702336200B9E721 /* Relpi.app */ = {isa = PBXFileReference; explicitFileType = wrapper.application; includeInIndex = 0; path = Relpi.app; sourceTree = BUILT_PRODUCTS_DIR; };
		1CC810462702336200B9E721 /* AppDelegate.swift */ = {isa = PBXFileReference; lastKnownFileType = sourcecode.swift; path = AppDelegate.swift; sourceTree = "<group>"; };
		1CC810482702336200B9E721 /* SceneDelegate.swift */ = {isa = PBXFileReference; lastKnownFileType = sourcecode.swift; path = SceneDelegate.swift; sourceTree = "<group>"; };
		1CC8104A2702336200B9E721 /* ContentView.swift */ = {isa = PBXFileReference; lastKnownFileType = sourcecode.swift; path = ContentView.swift; sourceTree = "<group>"; };
		1CC8104C2702336400B9E721 /* Assets.xcassets */ = {isa = PBXFileReference; lastKnownFileType = folder.assetcatalog; path = Assets.xcassets; sourceTree = "<group>"; };
		1CC8104F2702336400B9E721 /* Preview Assets.xcassets */ = {isa = PBXFileReference; lastKnownFileType = folder.assetcatalog; path = "Preview Assets.xcassets"; sourceTree = "<group>"; };
		1CC810522702336400B9E721 /* Base */ = {isa = PBXFileReference; lastKnownFileType = file.storyboard; name = Base; path = Base.lproj/LaunchScreen.storyboard; sourceTree = "<group>"; };
		1CC810542702336400B9E721 /* Info.plist */ = {isa = PBXFileReference; lastKnownFileType = text.plist.xml; path = Info.plist; sourceTree = "<group>"; };
		1CC81086270237F400B9E721 /* RelpiAdmin.app */ = {isa = PBXFileReference; explicitFileType = wrapper.application; includeInIndex = 0; path = RelpiAdmin.app; sourceTree = BUILT_PRODUCTS_DIR; };
		1CC8109427038A3100B9E721 /* Endereco.swift */ = {isa = PBXFileReference; fileEncoding = 4; lastKnownFileType = sourcecode.swift; path = Endereco.swift; sourceTree = "<group>"; };
		1CC8109527038A3100B9E721 /* Banco.swift */ = {isa = PBXFileReference; fileEncoding = 4; lastKnownFileType = sourcecode.swift; path = Banco.swift; sourceTree = "<group>"; };
		1CC8109627038A3100B9E721 /* Organizacao.swift */ = {isa = PBXFileReference; fileEncoding = 4; lastKnownFileType = sourcecode.swift; path = Organizacao.swift; sourceTree = "<group>"; };
		1CC8109727038A3100B9E721 /* Item.swift */ = {isa = PBXFileReference; fileEncoding = 4; lastKnownFileType = sourcecode.swift; path = Item.swift; sourceTree = "<group>"; };
		1CC810AE27064AB800B9E721 /* BancoFormView.swift */ = {isa = PBXFileReference; lastKnownFileType = sourcecode.swift; path = BancoFormView.swift; sourceTree = "<group>"; };
		1CFC96AB2719E47900B33A9E /* TituloListaView.swift */ = {isa = PBXFileReference; lastKnownFileType = sourcecode.swift; path = TituloListaView.swift; sourceTree = "<group>"; };
		4258C518AA466222A1617927 /* Pods-Relpi.release.xcconfig */ = {isa = PBXFileReference; includeInIndex = 1; lastKnownFileType = text.xcconfig; name = "Pods-Relpi.release.xcconfig"; path = "Target Support Files/Pods-Relpi/Pods-Relpi.release.xcconfig"; sourceTree = "<group>"; };
		5DEE601D68E77A6665D6809C /* Pods_Relpi.framework */ = {isa = PBXFileReference; explicitFileType = wrapper.framework; includeInIndex = 0; path = Pods_Relpi.framework; sourceTree = BUILT_PRODUCTS_DIR; };
		850C71F82731912300902BFC /* EstoqueService.swift */ = {isa = PBXFileReference; lastKnownFileType = sourcecode.swift; path = EstoqueService.swift; sourceTree = "<group>"; };
		8521234527399ECB00A4AEF3 /* SobreOngViewModel.swift */ = {isa = PBXFileReference; lastKnownFileType = sourcecode.swift; path = SobreOngViewModel.swift; sourceTree = "<group>"; };
		852B1C9D2744310A00A60B71 /* Relpi copy-Info.plist */ = {isa = PBXFileReference; fileEncoding = 4; lastKnownFileType = text.plist.xml; path = "Relpi copy-Info.plist"; sourceTree = "<group>"; };
		852B1C9F274432F700A60B71 /* GoogleService-Info.plist */ = {isa = PBXFileReference; fileEncoding = 4; lastKnownFileType = text.plist.xml; path = "GoogleService-Info.plist"; sourceTree = "<group>"; };
		852B1CA12744330400A60B71 /* GoogleService-Info-admin.plist */ = {isa = PBXFileReference; fileEncoding = 4; lastKnownFileType = text.plist.xml; path = "GoogleService-Info-admin.plist"; sourceTree = "<group>"; };
		85367FCC274443A7005099C8 /* Relpi.entitlements */ = {isa = PBXFileReference; fileEncoding = 4; lastKnownFileType = text.plist.entitlements; path = Relpi.entitlements; sourceTree = "<group>"; };
		854B99002722DBB900B1CEF9 /* LoginViewModel.swift */ = {isa = PBXFileReference; lastKnownFileType = sourcecode.swift; path = LoginViewModel.swift; sourceTree = "<group>"; };
		8553EDC92704E6A300DB408D /* DoadorHome.swift */ = {isa = PBXFileReference; lastKnownFileType = sourcecode.swift; path = DoadorHome.swift; sourceTree = "<group>"; };
		855EB88C2718F24D004468EC /* ImageStorageService.swift */ = {isa = PBXFileReference; lastKnownFileType = sourcecode.swift; path = ImageStorageService.swift; sourceTree = "<group>"; };
		8592BE15272B41A2002165EF /* OngFormViewModel.swift */ = {isa = PBXFileReference; lastKnownFileType = sourcecode.swift; path = OngFormViewModel.swift; sourceTree = "<group>"; };
		8592BE17272B41B1002165EF /* OngFormView.swift */ = {isa = PBXFileReference; lastKnownFileType = sourcecode.swift; path = OngFormView.swift; sourceTree = "<group>"; };
		85936F87273DB07B00A88EA2 /* ImageCache.swift */ = {isa = PBXFileReference; lastKnownFileType = sourcecode.swift; path = ImageCache.swift; sourceTree = "<group>"; };
		85AC8806270F66E400BFDF96 /* ImagePickerView.swift */ = {isa = PBXFileReference; lastKnownFileType = sourcecode.swift; path = ImagePickerView.swift; sourceTree = "<group>"; };
		85B0CCA2273478C2002EFCEC /* DoadorHomeViewModel.swift */ = {isa = PBXFileReference; lastKnownFileType = sourcecode.swift; path = DoadorHomeViewModel.swift; sourceTree = "<group>"; };
		85DAA31A2729CCB500CD7696 /* UserService.swift */ = {isa = PBXFileReference; lastKnownFileType = sourcecode.swift; path = UserService.swift; sourceTree = "<group>"; };
		85DAA31C2729CD8200CD7696 /* LoginCadastroViewModel.swift */ = {isa = PBXFileReference; lastKnownFileType = sourcecode.swift; path = LoginCadastroViewModel.swift; sourceTree = "<group>"; };
		85DF1F042746CDCB008340E3 /* Categorias.swift */ = {isa = PBXFileReference; lastKnownFileType = sourcecode.swift; path = Categorias.swift; sourceTree = "<group>"; };
		85E133302735B49D00F9DEDB /* ExplorarOngViewModel.swift */ = {isa = PBXFileReference; lastKnownFileType = sourcecode.swift; path = ExplorarOngViewModel.swift; sourceTree = "<group>"; };
		85E49093270B9402009CD6FE /* InfoGeralFormView.swift */ = {isa = PBXFileReference; lastKnownFileType = sourcecode.swift; path = InfoGeralFormView.swift; sourceTree = "<group>"; };
		85E49097270B989A009CD6FE /* ContatoFormView.swift */ = {isa = PBXFileReference; lastKnownFileType = sourcecode.swift; path = ContatoFormView.swift; sourceTree = "<group>"; };
		85F5F0AC27208AE40068BE8B /* LoginCadastroView.swift */ = {isa = PBXFileReference; lastKnownFileType = sourcecode.swift; path = LoginCadastroView.swift; sourceTree = "<group>"; };
		85FA07F82732C68F00F7D8C7 /* TelaListaViewModel.swift */ = {isa = PBXFileReference; lastKnownFileType = sourcecode.swift; path = TelaListaViewModel.swift; sourceTree = "<group>"; };
		85FA07FD2732FCA300F7D8C7 /* ItemViewModel.swift */ = {isa = PBXFileReference; lastKnownFileType = sourcecode.swift; path = ItemViewModel.swift; sourceTree = "<group>"; };
		85FA0800273313D500F7D8C7 /* FormItemViewModel.swift */ = {isa = PBXFileReference; lastKnownFileType = sourcecode.swift; path = FormItemViewModel.swift; sourceTree = "<group>"; };
		8B12DA552710BE5900A19E3B /* Category.swift */ = {isa = PBXFileReference; lastKnownFileType = sourcecode.swift; path = Category.swift; sourceTree = "<group>"; };
		8B12DA582710BE9700A19E3B /* PickerCustom.swift */ = {isa = PBXFileReference; lastKnownFileType = sourcecode.swift; path = PickerCustom.swift; sourceTree = "<group>"; };
		8B1E5FAE27459D4F00E4FCA3 /* SobreOngViewGeral.swift */ = {isa = PBXFileReference; lastKnownFileType = sourcecode.swift; path = SobreOngViewGeral.swift; sourceTree = "<group>"; };
		8B1E5FB12745A2A200E4FCA3 /* SobreOngGeralViewModel.swift */ = {isa = PBXFileReference; lastKnownFileType = sourcecode.swift; path = SobreOngGeralViewModel.swift; sourceTree = "<group>"; };
		8BCF2D9C271DF2D400E13139 /* FormItem.swift */ = {isa = PBXFileReference; lastKnownFileType = sourcecode.swift; path = FormItem.swift; sourceTree = "<group>"; };
		8BCF2D9E271E00B500E13139 /* Quantity.swift */ = {isa = PBXFileReference; lastKnownFileType = sourcecode.swift; path = Quantity.swift; sourceTree = "<group>"; };
		955494525642010205C58BB7 /* Pods_RelpiAdmin.framework */ = {isa = PBXFileReference; explicitFileType = wrapper.framework; includeInIndex = 0; path = Pods_RelpiAdmin.framework; sourceTree = BUILT_PRODUCTS_DIR; };
		A3033BCBDCC2FE939C47809F /* Pods-Relpi.debug.xcconfig */ = {isa = PBXFileReference; includeInIndex = 1; lastKnownFileType = text.xcconfig; name = "Pods-Relpi.debug.xcconfig"; path = "Target Support Files/Pods-Relpi/Pods-Relpi.debug.xcconfig"; sourceTree = "<group>"; };
		A30BA3AC270F5C9F00D2222B /* Color+Extension.swift */ = {isa = PBXFileReference; lastKnownFileType = sourcecode.swift; path = "Color+Extension.swift"; sourceTree = "<group>"; };
		A30BA3B1270F6DE400D2222B /* SobreOngView.swift */ = {isa = PBXFileReference; lastKnownFileType = sourcecode.swift; path = SobreOngView.swift; sourceTree = "<group>"; };
		A319FAC127275C51001C5073 /* ExplorarOngView.swift */ = {isa = PBXFileReference; lastKnownFileType = sourcecode.swift; path = ExplorarOngView.swift; sourceTree = "<group>"; };
		A3568F02271E2ADB00216732 /* Text+Extension.swift */ = {isa = PBXFileReference; lastKnownFileType = sourcecode.swift; path = "Text+Extension.swift"; sourceTree = "<group>"; };
		A386DDB2273C4A2E002BA7BF /* LoadingView.swift */ = {isa = PBXFileReference; lastKnownFileType = sourcecode.swift; path = LoadingView.swift; sourceTree = "<group>"; };
		A3ADA90D270CC6BE0005A81E /* Button+Extension.swift */ = {isa = PBXFileReference; lastKnownFileType = sourcecode.swift; path = "Button+Extension.swift"; sourceTree = "<group>"; };
		A3AE97EE2717A91B00DEB318 /* DialogCard.swift */ = {isa = PBXFileReference; lastKnownFileType = sourcecode.swift; path = DialogCard.swift; sourceTree = "<group>"; };
		A3D22A61271B4CD0003D69FF /* CustomTextField.swift */ = {isa = PBXFileReference; lastKnownFileType = sourcecode.swift; path = CustomTextField.swift; sourceTree = "<group>"; };
		AA7C5B8BF8F0E0BD0BFD44B9 /* Pods-RelpiAdmin.release.xcconfig */ = {isa = PBXFileReference; includeInIndex = 1; lastKnownFileType = text.xcconfig; name = "Pods-RelpiAdmin.release.xcconfig"; path = "Target Support Files/Pods-RelpiAdmin/Pods-RelpiAdmin.release.xcconfig"; sourceTree = "<group>"; };
		BF084DBB22371E23816FA4B3 /* Pods-RelpiAdmin.debug.xcconfig */ = {isa = PBXFileReference; includeInIndex = 1; lastKnownFileType = text.xcconfig; name = "Pods-RelpiAdmin.debug.xcconfig"; path = "Target Support Files/Pods-RelpiAdmin/Pods-RelpiAdmin.debug.xcconfig"; sourceTree = "<group>"; };
/* End PBXFileReference section */

/* Begin PBXFrameworksBuildPhase section */
		1CC810402702336200B9E721 /* Frameworks */ = {
			isa = PBXFrameworksBuildPhase;
			buildActionMask = 2147483647;
			files = (
				59930C97152F84B74FBDEE3A /* Pods_Relpi.framework in Frameworks */,
			);
			runOnlyForDeploymentPostprocessing = 0;
		};
		1CC8107B270237F400B9E721 /* Frameworks */ = {
			isa = PBXFrameworksBuildPhase;
			buildActionMask = 2147483647;
			files = (
				A91A4202B166475FA5C5B6AE /* Pods_RelpiAdmin.framework in Frameworks */,
			);
			runOnlyForDeploymentPostprocessing = 0;
		};
/* End PBXFrameworksBuildPhase section */

/* Begin PBXGroup section */
		1C136A35270E38FC00D09E9D /* Lista Necessidade */ = {
			isa = PBXGroup;
			children = (
				1C136A36270E391C00D09E9D /* TelaListaView.swift */,
				85FA07F82732C68F00F7D8C7 /* TelaListaViewModel.swift */,
				85F505D4274F25B20049295A /* Subviews */,
			);
			path = "Lista Necessidade";
			sourceTree = "<group>";
		};
		1C9A05A3273AEB07004E629B /* SobreOng */ = {
			isa = PBXGroup;
			children = (
				1C9A05A4273AEB2E004E629B /* SobreOngDoadorView.swift */,
				1C9A05A6273AECF4004E629B /* SobreOngDoadorViewModel.swift */,
			);
			path = SobreOng;
			sourceTree = "<group>";
		};
		1CC8103A2702336200B9E721 = {
			isa = PBXGroup;
			children = (
				1CC810452702336200B9E721 /* Relpi */,
				1CC810442702336200B9E721 /* Products */,
				F276C1DC6A1D3B17238F756B /* Pods */,
				90B278108663E2C3B71189CA /* Frameworks */,
			);
			sourceTree = "<group>";
		};
		1CC810442702336200B9E721 /* Products */ = {
			isa = PBXGroup;
			children = (
				1CC810432702336200B9E721 /* Relpi.app */,
				1CC81086270237F400B9E721 /* RelpiAdmin.app */,
			);
			name = Products;
			sourceTree = "<group>";
		};
		1CC810452702336200B9E721 /* Relpi */ = {
			isa = PBXGroup;
			children = (
				855EB88B2718F22A004468EC /* Service */,
				1CC8109327038A3100B9E721 /* Model */,
				1CC810A427038FE100B9E721 /* View */,
				1CC810A027038E1A00B9E721 /* ViewModel */,
				A3E7438F270E13FF004B47A0 /* Utility */,
				1CC810462702336200B9E721 /* AppDelegate.swift */,
				1CC810482702336200B9E721 /* SceneDelegate.swift */,
				1CC8104C2702336400B9E721 /* Assets.xcassets */,
				1CC810512702336400B9E721 /* LaunchScreen.storyboard */,
				85367FCC274443A7005099C8 /* Relpi.entitlements */,
				852B1C9F274432F700A60B71 /* GoogleService-Info.plist */,
				852B1CA12744330400A60B71 /* GoogleService-Info-admin.plist */,
				1CC810542702336400B9E721 /* Info.plist */,
				852B1C9D2744310A00A60B71 /* Relpi copy-Info.plist */,
				1CC8104E2702336400B9E721 /* Preview Content */,
			);
			path = Relpi;
			sourceTree = "<group>";
		};
		1CC8104E2702336400B9E721 /* Preview Content */ = {
			isa = PBXGroup;
			children = (
				1CC8104F2702336400B9E721 /* Preview Assets.xcassets */,
			);
			path = "Preview Content";
			sourceTree = "<group>";
		};
		1CC8109327038A3100B9E721 /* Model */ = {
			isa = PBXGroup;
			children = (
				1CC8109427038A3100B9E721 /* Endereco.swift */,
				1CC8109527038A3100B9E721 /* Banco.swift */,
				1CC8109627038A3100B9E721 /* Organizacao.swift */,
				1CC8109727038A3100B9E721 /* Item.swift */,
				85DF1F042746CDCB008340E3 /* Categorias.swift */,
			);
			path = Model;
			sourceTree = "<group>";
		};
		1CC810A027038E1A00B9E721 /* ViewModel */ = {
			isa = PBXGroup;
			children = (
				854B99002722DBB900B1CEF9 /* LoginViewModel.swift */,
			);
			path = ViewModel;
			sourceTree = "<group>";
		};
		1CC810A427038FE100B9E721 /* View */ = {
			isa = PBXGroup;
			children = (
				1CC8104A2702336200B9E721 /* ContentView.swift */,
				85F505D7274F2BB30049295A /* SobreOng e OngHome */,
				1C9A05A3273AEB07004E629B /* SobreOng */,
				85A33067271DF83700230D40 /* CadastroLogin */,
				1C136A35270E38FC00D09E9D /* Lista Necessidade */,
				85E1332D2735B32A00F9DEDB /* App ONG */,
				85E1332E2735B35B00F9DEDB /* App Doador */,
			);
			path = View;
			sourceTree = "<group>";
		};
		850CBD1D273390A400B846BB /* Item */ = {
			isa = PBXGroup;
			children = (
				1C136A39270E399E00D09E9D /* ItemListaView.swift */,
				1C136A402718971800D09E9D /* ItemListaVerticalView.swift */,
				85FA07FD2732FCA300F7D8C7 /* ItemViewModel.swift */,
			);
			path = Item;
			sourceTree = "<group>";
		};
		8521234427399EB600A4AEF3 /* SobreOng */ = {
			isa = PBXGroup;
			children = (
				A30BA3B1270F6DE400D2222B /* SobreOngView.swift */,
				8521234527399ECB00A4AEF3 /* SobreOngViewModel.swift */,
			);
			path = SobreOng;
			sourceTree = "<group>";
		};
		855EB88B2718F22A004468EC /* Service */ = {
			isa = PBXGroup;
			children = (
				855EB88C2718F24D004468EC /* ImageStorageService.swift */,
				1C7DF8D4272B1E2300D227CA /* OngService.swift */,
				85DAA31A2729CCB500CD7696 /* UserService.swift */,
				850C71F82731912300902BFC /* EstoqueService.swift */,
				85936F87273DB07B00A88EA2 /* ImageCache.swift */,
			);
			path = Service;
			sourceTree = "<group>";
		};
		8589EBE7270B935900EA906C /* Formulario Organizacao */ = {
			isa = PBXGroup;
			children = (
				8592BE17272B41B1002165EF /* OngFormView.swift */,
				8592BE15272B41A2002165EF /* OngFormViewModel.swift */,
				85EA0265272E3DA000FE1471 /* Subviews */,
			);
			path = "Formulario Organizacao";
			sourceTree = "<group>";
		};
		85A33067271DF83700230D40 /* CadastroLogin */ = {
			isa = PBXGroup;
			children = (
				85F5F0AC27208AE40068BE8B /* LoginCadastroView.swift */,
				85DAA31C2729CD8200CD7696 /* LoginCadastroViewModel.swift */,
			);
			path = CadastroLogin;
			sourceTree = "<group>";
		};
		85B0CCA1273478AA002EFCEC /* DoadorHome */ = {
			isa = PBXGroup;
			children = (
				8553EDC92704E6A300DB408D /* DoadorHome.swift */,
				85B0CCA2273478C2002EFCEC /* DoadorHomeViewModel.swift */,
			);
			path = DoadorHome;
			sourceTree = "<group>";
		};
		85E1332D2735B32A00F9DEDB /* App ONG */ = {
			isa = PBXGroup;
			children = (
				85FA07FC2732F6EF00F7D8C7 /* Formulario Item */,
				8589EBE7270B935900EA906C /* Formulario Organizacao */,
			);
			path = "App ONG";
			sourceTree = "<group>";
		};
		85E1332E2735B35B00F9DEDB /* App Doador */ = {
			isa = PBXGroup;
			children = (
				85B0CCA1273478AA002EFCEC /* DoadorHome */,
				85E1332F2735B37100F9DEDB /* ExplorarOng */,
				8521234427399EB600A4AEF3 /* SobreOng */,
			);
			path = "App Doador";
			sourceTree = "<group>";
		};
		85E1332F2735B37100F9DEDB /* ExplorarOng */ = {
			isa = PBXGroup;
			children = (
				A319FAC127275C51001C5073 /* ExplorarOngView.swift */,
				85E133302735B49D00F9DEDB /* ExplorarOngViewModel.swift */,
			);
			path = ExplorarOng;
			sourceTree = "<group>";
		};
		85EA0265272E3DA000FE1471 /* Subviews */ = {
			isa = PBXGroup;
			children = (
				85E49093270B9402009CD6FE /* InfoGeralFormView.swift */,
				1C136A22270BA39E00D09E9D /* EnderecoFormView.swift */,
				85E49097270B989A009CD6FE /* ContatoFormView.swift */,
				1CC810AE27064AB800B9E721 /* BancoFormView.swift */,
				85AC8806270F66E400BFDF96 /* ImagePickerView.swift */,
			);
			path = Subviews;
			sourceTree = "<group>";
		};
		85F505D4274F25B20049295A /* Subviews */ = {
			isa = PBXGroup;
			children = (
				1C5CC92D272094410078EC01 /* FiltroModal.swift */,
				85F505D6274F26270049295A /* Lista */,
			);
			path = Subviews;
			sourceTree = "<group>";
		};
		85F505D6274F26270049295A /* Lista */ = {
			isa = PBXGroup;
			children = (
				1C5CC9302720ACC70078EC01 /* ListaVerticalItem.swift */,
				1C5CC9332721CC130078EC01 /* ListaGridItem.swift */,
				850CBD1D273390A400B846BB /* Item */,
			);
			path = Lista;
			sourceTree = "<group>";
		};
		85F505D7274F2BB30049295A /* SobreOng e OngHome */ = {
			isa = PBXGroup;
			children = (
				8B1E5FAE27459D4F00E4FCA3 /* SobreOngViewGeral.swift */,
				8B1E5FB12745A2A200E4FCA3 /* SobreOngGeralViewModel.swift */,
			);
			path = "SobreOng e OngHome";
			sourceTree = "<group>";
		};
		85FA07FC2732F6EF00F7D8C7 /* Formulario Item */ = {
			isa = PBXGroup;
			children = (
				8BCF2D9C271DF2D400E13139 /* FormItem.swift */,
				85FA0800273313D500F7D8C7 /* FormItemViewModel.swift */,
			);
			path = "Formulario Item";
			sourceTree = "<group>";
		};
		90B278108663E2C3B71189CA /* Frameworks */ = {
			isa = PBXGroup;
			children = (
				5DEE601D68E77A6665D6809C /* Pods_Relpi.framework */,
				955494525642010205C58BB7 /* Pods_RelpiAdmin.framework */,
			);
			name = Frameworks;
			sourceTree = "<group>";
		};
		A3E7438F270E13FF004B47A0 /* Utility */ = {
			isa = PBXGroup;
			children = (
				A3ADA90D270CC6BE0005A81E /* Button+Extension.swift */,
				1CAC66CB27483D2B00CE7DC6 /* Keyboard+Extension.swift */,
				A30BA3AC270F5C9F00D2222B /* Color+Extension.swift */,
				8B12DA552710BE5900A19E3B /* Category.swift */,
				8B12DA582710BE9700A19E3B /* PickerCustom.swift */,
				1C136A3D27175E0A00D09E9D /* SearchBarView.swift */,
				A3AE97EE2717A91B00DEB318 /* DialogCard.swift */,
				1CFC96AB2719E47900B33A9E /* TituloListaView.swift */,
				A3D22A61271B4CD0003D69FF /* CustomTextField.swift */,
				A3568F02271E2ADB00216732 /* Text+Extension.swift */,
				8BCF2D9E271E00B500E13139 /* Quantity.swift */,
				A386DDB2273C4A2E002BA7BF /* LoadingView.swift */,
			);
			path = Utility;
			sourceTree = "<group>";
		};
		F276C1DC6A1D3B17238F756B /* Pods */ = {
			isa = PBXGroup;
			children = (
				A3033BCBDCC2FE939C47809F /* Pods-Relpi.debug.xcconfig */,
				4258C518AA466222A1617927 /* Pods-Relpi.release.xcconfig */,
				BF084DBB22371E23816FA4B3 /* Pods-RelpiAdmin.debug.xcconfig */,
				AA7C5B8BF8F0E0BD0BFD44B9 /* Pods-RelpiAdmin.release.xcconfig */,
			);
			path = Pods;
			sourceTree = "<group>";
		};
/* End PBXGroup section */

/* Begin PBXNativeTarget section */
		1CC810422702336200B9E721 /* Relpi */ = {
			isa = PBXNativeTarget;
			buildConfigurationList = 1CC810572702336400B9E721 /* Build configuration list for PBXNativeTarget "Relpi" */;
			buildPhases = (
				BA78B4E970A4E1DDED13C78A /* [CP] Check Pods Manifest.lock */,
				1CC8103F2702336200B9E721 /* Sources */,
				1CC810402702336200B9E721 /* Frameworks */,
				1CC810412702336200B9E721 /* Resources */,
				298546A108E67826874EB6E6 /* [CP] Embed Pods Frameworks */,
			);
			buildRules = (
			);
			dependencies = (
			);
			name = Relpi;
			productName = Mini4;
			productReference = 1CC810432702336200B9E721 /* Relpi.app */;
			productType = "com.apple.product-type.application";
		};
		1CC81075270237F400B9E721 /* RelpiAdmin */ = {
			isa = PBXNativeTarget;
			buildConfigurationList = 1CC81083270237F400B9E721 /* Build configuration list for PBXNativeTarget "RelpiAdmin" */;
			buildPhases = (
				365B72B7A8395A92E0CC1A1C /* [CP] Check Pods Manifest.lock */,
				1CC81077270237F400B9E721 /* Sources */,
				1CC8107B270237F400B9E721 /* Frameworks */,
				1CC8107D270237F400B9E721 /* Resources */,
				AF9D3CC96220B5333511CA88 /* [CP] Embed Pods Frameworks */,
			);
			buildRules = (
			);
			dependencies = (
			);
			name = RelpiAdmin;
			productName = Mini4;
			productReference = 1CC81086270237F400B9E721 /* RelpiAdmin.app */;
			productType = "com.apple.product-type.application";
		};
/* End PBXNativeTarget section */

/* Begin PBXProject section */
		1CC8103B2702336200B9E721 /* Project object */ = {
			isa = PBXProject;
			attributes = {
				LastSwiftUpdateCheck = 1250;
				LastUpgradeCheck = 1250;
				TargetAttributes = {
					1CC810422702336200B9E721 = {
						CreatedOnToolsVersion = 12.5.1;
					};
				};
			};
			buildConfigurationList = 1CC8103E2702336200B9E721 /* Build configuration list for PBXProject "Relpi" */;
			compatibilityVersion = "Xcode 9.3";
			developmentRegion = en;
			hasScannedForEncodings = 0;
			knownRegions = (
				en,
				Base,
			);
			mainGroup = 1CC8103A2702336200B9E721;
			productRefGroup = 1CC810442702336200B9E721 /* Products */;
			projectDirPath = "";
			projectRoot = "";
			targets = (
				1CC810422702336200B9E721 /* Relpi */,
				1CC81075270237F400B9E721 /* RelpiAdmin */,
			);
		};
/* End PBXProject section */

/* Begin PBXResourcesBuildPhase section */
		1CC810412702336200B9E721 /* Resources */ = {
			isa = PBXResourcesBuildPhase;
			buildActionMask = 2147483647;
			files = (
				1CC810532702336400B9E721 /* LaunchScreen.storyboard in Resources */,
				852B1CA0274432F700A60B71 /* GoogleService-Info.plist in Resources */,
				1CC810502702336400B9E721 /* Preview Assets.xcassets in Resources */,
				1CC8104D2702336400B9E721 /* Assets.xcassets in Resources */,
			);
			runOnlyForDeploymentPostprocessing = 0;
		};
		1CC8107D270237F400B9E721 /* Resources */ = {
			isa = PBXResourcesBuildPhase;
			buildActionMask = 2147483647;
			files = (
				1CC8107E270237F400B9E721 /* LaunchScreen.storyboard in Resources */,
				852B1C9E2744310B00A60B71 /* Relpi copy-Info.plist in Resources */,
				1CC81080270237F400B9E721 /* Preview Assets.xcassets in Resources */,
				852B1CA22744330400A60B71 /* GoogleService-Info-admin.plist in Resources */,
				1CC81081270237F400B9E721 /* Assets.xcassets in Resources */,
			);
			runOnlyForDeploymentPostprocessing = 0;
		};
/* End PBXResourcesBuildPhase section */

/* Begin PBXShellScriptBuildPhase section */
		298546A108E67826874EB6E6 /* [CP] Embed Pods Frameworks */ = {
			isa = PBXShellScriptBuildPhase;
			buildActionMask = 2147483647;
			files = (
			);
			inputFileListPaths = (
				"${PODS_ROOT}/Target Support Files/Pods-Relpi/Pods-Relpi-frameworks-${CONFIGURATION}-input-files.xcfilelist",
			);
			name = "[CP] Embed Pods Frameworks";
			outputFileListPaths = (
				"${PODS_ROOT}/Target Support Files/Pods-Relpi/Pods-Relpi-frameworks-${CONFIGURATION}-output-files.xcfilelist",
			);
			runOnlyForDeploymentPostprocessing = 0;
			shellPath = /bin/sh;
			shellScript = "\"${PODS_ROOT}/Target Support Files/Pods-Relpi/Pods-Relpi-frameworks.sh\"\n";
			showEnvVarsInLog = 0;
		};
		365B72B7A8395A92E0CC1A1C /* [CP] Check Pods Manifest.lock */ = {
			isa = PBXShellScriptBuildPhase;
			buildActionMask = 2147483647;
			files = (
			);
			inputFileListPaths = (
			);
			inputPaths = (
				"${PODS_PODFILE_DIR_PATH}/Podfile.lock",
				"${PODS_ROOT}/Manifest.lock",
			);
			name = "[CP] Check Pods Manifest.lock";
			outputFileListPaths = (
			);
			outputPaths = (
				"$(DERIVED_FILE_DIR)/Pods-RelpiAdmin-checkManifestLockResult.txt",
			);
			runOnlyForDeploymentPostprocessing = 0;
			shellPath = /bin/sh;
			shellScript = "diff \"${PODS_PODFILE_DIR_PATH}/Podfile.lock\" \"${PODS_ROOT}/Manifest.lock\" > /dev/null\nif [ $? != 0 ] ; then\n    # print error to STDERR\n    echo \"error: The sandbox is not in sync with the Podfile.lock. Run 'pod install' or update your CocoaPods installation.\" >&2\n    exit 1\nfi\n# This output is used by Xcode 'outputs' to avoid re-running this script phase.\necho \"SUCCESS\" > \"${SCRIPT_OUTPUT_FILE_0}\"\n";
			showEnvVarsInLog = 0;
		};
		AF9D3CC96220B5333511CA88 /* [CP] Embed Pods Frameworks */ = {
			isa = PBXShellScriptBuildPhase;
			buildActionMask = 2147483647;
			files = (
			);
			inputFileListPaths = (
				"${PODS_ROOT}/Target Support Files/Pods-RelpiAdmin/Pods-RelpiAdmin-frameworks-${CONFIGURATION}-input-files.xcfilelist",
			);
			name = "[CP] Embed Pods Frameworks";
			outputFileListPaths = (
				"${PODS_ROOT}/Target Support Files/Pods-RelpiAdmin/Pods-RelpiAdmin-frameworks-${CONFIGURATION}-output-files.xcfilelist",
			);
			runOnlyForDeploymentPostprocessing = 0;
			shellPath = /bin/sh;
			shellScript = "\"${PODS_ROOT}/Target Support Files/Pods-RelpiAdmin/Pods-RelpiAdmin-frameworks.sh\"\n";
			showEnvVarsInLog = 0;
		};
		BA78B4E970A4E1DDED13C78A /* [CP] Check Pods Manifest.lock */ = {
			isa = PBXShellScriptBuildPhase;
			buildActionMask = 2147483647;
			files = (
			);
			inputFileListPaths = (
			);
			inputPaths = (
				"${PODS_PODFILE_DIR_PATH}/Podfile.lock",
				"${PODS_ROOT}/Manifest.lock",
			);
			name = "[CP] Check Pods Manifest.lock";
			outputFileListPaths = (
			);
			outputPaths = (
				"$(DERIVED_FILE_DIR)/Pods-Relpi-checkManifestLockResult.txt",
			);
			runOnlyForDeploymentPostprocessing = 0;
			shellPath = /bin/sh;
			shellScript = "diff \"${PODS_PODFILE_DIR_PATH}/Podfile.lock\" \"${PODS_ROOT}/Manifest.lock\" > /dev/null\nif [ $? != 0 ] ; then\n    # print error to STDERR\n    echo \"error: The sandbox is not in sync with the Podfile.lock. Run 'pod install' or update your CocoaPods installation.\" >&2\n    exit 1\nfi\n# This output is used by Xcode 'outputs' to avoid re-running this script phase.\necho \"SUCCESS\" > \"${SCRIPT_OUTPUT_FILE_0}\"\n";
			showEnvVarsInLog = 0;
		};
/* End PBXShellScriptBuildPhase section */

/* Begin PBXSourcesBuildPhase section */
		1CC8103F2702336200B9E721 /* Sources */ = {
			isa = PBXSourcesBuildPhase;
			buildActionMask = 2147483647;
			files = (
				A319FACA27275E6D001C5073 /* BancoFormView.swift in Sources */,
				85E1332C2735A89600F9DEDB /* FormItemViewModel.swift in Sources */,
				A319FAC727275E3E001C5073 /* InfoGeralFormView.swift in Sources */,
				A3568F03271E2ADB00216732 /* Text+Extension.swift in Sources */,
				1C9A05A5273AEB2E004E629B /* SobreOngDoadorView.swift in Sources */,
				850C71F92731912300902BFC /* EstoqueService.swift in Sources */,
				1C136A3E27175E0A00D09E9D /* SearchBarView.swift in Sources */,
				854B99012722DBB900B1CEF9 /* LoginViewModel.swift in Sources */,
				1CC810472702336200B9E721 /* AppDelegate.swift in Sources */,
				A30BA3AD270F5C9F00D2222B /* Color+Extension.swift in Sources */,
				85FA07F92732C68F00F7D8C7 /* TelaListaViewModel.swift in Sources */,
				8BCF2D9F271E00B500E13139 /* Quantity.swift in Sources */,
				85936F88273DB07B00A88EA2 /* ImageCache.swift in Sources */,
				85E1332B2735A89400F9DEDB /* FormItem.swift in Sources */,
				1CC810492702336200B9E721 /* SceneDelegate.swift in Sources */,
				85E133312735B49D00F9DEDB /* ExplorarOngViewModel.swift in Sources */,
				A386DDB3273C4A2E002BA7BF /* LoadingView.swift in Sources */,
				A319FAC827275E58001C5073 /* EnderecoFormView.swift in Sources */,
				1C9A05A7273AECF4004E629B /* SobreOngDoadorViewModel.swift in Sources */,
				1CC8109C27038A3100B9E721 /* Organizacao.swift in Sources */,
				1C5CC92E272094410078EC01 /* FiltroModal.swift in Sources */,
				8B1E5FB22745A2A200E4FCA3 /* SobreOngGeralViewModel.swift in Sources */,
				A30BA3B2270F6DE400D2222B /* SobreOngView.swift in Sources */,
				A3D22A62271B4CD0003D69FF /* CustomTextField.swift in Sources */,
				1C136A412718971800D09E9D /* ItemListaVerticalView.swift in Sources */,
				1CFC96AC2719E47900B33A9E /* TituloListaView.swift in Sources */,
				A3AE97EF2717A91B00DEB318 /* DialogCard.swift in Sources */,
				8553EDCA2704E6A300DB408D /* DoadorHome.swift in Sources */,
				85DF1F052746CDCB008340E3 /* Categorias.swift in Sources */,
				1C5CC9312720ACC70078EC01 /* ListaVerticalItem.swift in Sources */,
				855EB88D2718F24D004468EC /* ImageStorageService.swift in Sources */,
				8B1E5FAF27459D4F00E4FCA3 /* SobreOngViewGeral.swift in Sources */,
				85DAA31B2729CCB500CD7696 /* UserService.swift in Sources */,
				A319FAC627275E2B001C5073 /* ImagePickerView.swift in Sources */,
				1CC8109827038A3100B9E721 /* Endereco.swift in Sources */,
				8B12DA562710BE5900A19E3B /* Category.swift in Sources */,
				A319FAC927275E6A001C5073 /* ContatoFormView.swift in Sources */,
				1CC8109E27038A3100B9E721 /* Item.swift in Sources */,
				85FA07FE2732FCA300F7D8C7 /* ItemViewModel.swift in Sources */,
				85B0CCA3273478C2002EFCEC /* DoadorHomeViewModel.swift in Sources */,
				85DAA31D2729CD8200CD7696 /* LoginCadastroViewModel.swift in Sources */,
				1C136A3A270E399E00D09E9D /* ItemListaView.swift in Sources */,
				1C136A37270E391C00D09E9D /* TelaListaView.swift in Sources */,
				1CAC66CC27483D2B00CE7DC6 /* Keyboard+Extension.swift in Sources */,
				8B12DA592710BE9700A19E3B /* PickerCustom.swift in Sources */,
				1C7DF8D5272B1E2300D227CA /* OngService.swift in Sources */,
				8B410CF42746DFD500887CE3 /* OngFormViewModel.swift in Sources */,
				8521234627399ECB00A4AEF3 /* SobreOngViewModel.swift in Sources */,
				1C5CC9342721CC130078EC01 /* ListaGridItem.swift in Sources */,
				A319FAC227275C51001C5073 /* ExplorarOngView.swift in Sources */,
				A3ADA90E270CC6BE0005A81E /* Button+Extension.swift in Sources */,
				1CC8104B2702336200B9E721 /* ContentView.swift in Sources */,
				1CC8109A27038A3100B9E721 /* Banco.swift in Sources */,
			);
			runOnlyForDeploymentPostprocessing = 0;
		};
		1CC81077270237F400B9E721 /* Sources */ = {
			isa = PBXSourcesBuildPhase;
			buildActionMask = 2147483647;
			files = (
				850C71FA2731912300902BFC /* EstoqueService.swift in Sources */,
				1CC81078270237F400B9E721 /* AppDelegate.swift in Sources */,
				85F5F0AE27208AE40068BE8B /* LoginCadastroView.swift in Sources */,
				855EB88E2718F24D004468EC /* ImageStorageService.swift in Sources */,
				8592BE16272B41A2002165EF /* OngFormViewModel.swift in Sources */,
				85FA07FF2732FCA300F7D8C7 /* ItemViewModel.swift in Sources */,
				85AC8807270F66E400BFDF96 /* ImagePickerView.swift in Sources */,
				1CC81079270237F400B9E721 /* SceneDelegate.swift in Sources */,
				1C136A422718971800D09E9D /* ItemListaVerticalView.swift in Sources */,
				1C7DF8D6272B1E2300D227CA /* OngService.swift in Sources */,
				854B99022722DBB900B1CEF9 /* LoginViewModel.swift in Sources */,
				8592BE18272B41B1002165EF /* OngFormView.swift in Sources */,
				A35E8994271F715800F8E901 /* Text+Extension.swift in Sources */,
				1C136A3F27175E0A00D09E9D /* SearchBarView.swift in Sources */,
				8BCF2DA0271E00B500E13139 /* Quantity.swift in Sources */,
				8B12DA5A2710BE9700A19E3B /* PickerCustom.swift in Sources */,
				8B1E5FB027459D4F00E4FCA3 /* SobreOngViewGeral.swift in Sources */,
				1CFC96AA2718BF8D00B33A9E /* DialogCard.swift in Sources */,
				1CC810B027064ABF00B9E721 /* BancoFormView.swift in Sources */,
				85DAA31E2729CD8200CD7696 /* LoginCadastroViewModel.swift in Sources */,
				85DAA31F2729D88900CD7696 /* UserService.swift in Sources */,
				85E49094270B9402009CD6FE /* InfoGeralFormView.swift in Sources */,
				85FA07FA2732C68F00F7D8C7 /* TelaListaViewModel.swift in Sources */,
				85E49098270B989A009CD6FE /* ContatoFormView.swift in Sources */,
				8B410CF12746D80700887CE3 /* SobreOngDoadorViewModel.swift in Sources */,
				1C136A38270E391C00D09E9D /* TelaListaView.swift in Sources */,
				1C5CC92F272094410078EC01 /* FiltroModal.swift in Sources */,
				A30BA3AE270F5C9F00D2222B /* Color+Extension.swift in Sources */,
				85DF1F062746CDCB008340E3 /* Categorias.swift in Sources */,
				1CFC96AD2719E47900B33A9E /* TituloListaView.swift in Sources */,
				8B1E5FB32745A2A200E4FCA3 /* SobreOngGeralViewModel.swift in Sources */,
				1CC8109D27038A3100B9E721 /* Organizacao.swift in Sources */,
				1CC8109927038A3100B9E721 /* Endereco.swift in Sources */,
				A3D22A63271B4CD0003D69FF /* CustomTextField.swift in Sources */,
				1C136A24270BA39E00D09E9D /* EnderecoFormView.swift in Sources */,
				1C5CC9352721CC130078EC01 /* ListaGridItem.swift in Sources */,
				85936F89273DB07B00A88EA2 /* ImageCache.swift in Sources */,
				8BCF2D9D271DF2D400E13139 /* FormItem.swift in Sources */,
				1CC8109F27038A3100B9E721 /* Item.swift in Sources */,
				1C136A3B270E399E00D09E9D /* ItemListaView.swift in Sources */,
				8578A636270E23520064497C /* Button+Extension.swift in Sources */,
				A386DDB4273C4A2E002BA7BF /* LoadingView.swift in Sources */,
				8B410CF22746D80A00887CE3 /* SobreOngDoadorView.swift in Sources */,
				1CAC66CD27483D2B00CE7DC6 /* Keyboard+Extension.swift in Sources */,
				1C5CC9322720AE9B0078EC01 /* ListaVerticalItem.swift in Sources */,
				1CC8107A270237F400B9E721 /* ContentView.swift in Sources */,
				1CC8109B27038A3100B9E721 /* Banco.swift in Sources */,
				85FA0801273313D500F7D8C7 /* FormItemViewModel.swift in Sources */,
				8B12DA572710BE5900A19E3B /* Category.swift in Sources */,
			);
			runOnlyForDeploymentPostprocessing = 0;
		};
/* End PBXSourcesBuildPhase section */

/* Begin PBXVariantGroup section */
		1CC810512702336400B9E721 /* LaunchScreen.storyboard */ = {
			isa = PBXVariantGroup;
			children = (
				1CC810522702336400B9E721 /* Base */,
			);
			name = LaunchScreen.storyboard;
			sourceTree = "<group>";
		};
/* End PBXVariantGroup section */

/* Begin XCBuildConfiguration section */
		1CC810552702336400B9E721 /* Debug */ = {
			isa = XCBuildConfiguration;
			buildSettings = {
				ALWAYS_SEARCH_USER_PATHS = NO;
				CLANG_ANALYZER_NONNULL = YES;
				CLANG_ANALYZER_NUMBER_OBJECT_CONVERSION = YES_AGGRESSIVE;
				CLANG_CXX_LANGUAGE_STANDARD = "gnu++14";
				CLANG_CXX_LIBRARY = "libc++";
				CLANG_ENABLE_MODULES = YES;
				CLANG_ENABLE_OBJC_ARC = YES;
				CLANG_ENABLE_OBJC_WEAK = YES;
				CLANG_WARN_BLOCK_CAPTURE_AUTORELEASING = YES;
				CLANG_WARN_BOOL_CONVERSION = YES;
				CLANG_WARN_COMMA = YES;
				CLANG_WARN_CONSTANT_CONVERSION = YES;
				CLANG_WARN_DEPRECATED_OBJC_IMPLEMENTATIONS = YES;
				CLANG_WARN_DIRECT_OBJC_ISA_USAGE = YES_ERROR;
				CLANG_WARN_DOCUMENTATION_COMMENTS = YES;
				CLANG_WARN_EMPTY_BODY = YES;
				CLANG_WARN_ENUM_CONVERSION = YES;
				CLANG_WARN_INFINITE_RECURSION = YES;
				CLANG_WARN_INT_CONVERSION = YES;
				CLANG_WARN_NON_LITERAL_NULL_CONVERSION = YES;
				CLANG_WARN_OBJC_IMPLICIT_RETAIN_SELF = YES;
				CLANG_WARN_OBJC_LITERAL_CONVERSION = YES;
				CLANG_WARN_OBJC_ROOT_CLASS = YES_ERROR;
				CLANG_WARN_QUOTED_INCLUDE_IN_FRAMEWORK_HEADER = YES;
				CLANG_WARN_RANGE_LOOP_ANALYSIS = YES;
				CLANG_WARN_STRICT_PROTOTYPES = YES;
				CLANG_WARN_SUSPICIOUS_MOVE = YES;
				CLANG_WARN_UNGUARDED_AVAILABILITY = YES_AGGRESSIVE;
				CLANG_WARN_UNREACHABLE_CODE = YES;
				CLANG_WARN__DUPLICATE_METHOD_MATCH = YES;
				CODE_SIGN_ENTITLEMENTS = "";
				COPY_PHASE_STRIP = NO;
				DEBUG_INFORMATION_FORMAT = dwarf;
				ENABLE_STRICT_OBJC_MSGSEND = YES;
				ENABLE_TESTABILITY = YES;
				GCC_C_LANGUAGE_STANDARD = gnu11;
				GCC_DYNAMIC_NO_PIC = NO;
				GCC_NO_COMMON_BLOCKS = YES;
				GCC_OPTIMIZATION_LEVEL = 0;
				GCC_PREFIX_HEADER = Relpi;
				GCC_PREPROCESSOR_DEFINITIONS = (
					"DEBUG=1",
					"$(inherited)",
				);
				GCC_WARN_64_TO_32_BIT_CONVERSION = YES;
				GCC_WARN_ABOUT_RETURN_TYPE = YES_ERROR;
				GCC_WARN_UNDECLARED_SELECTOR = YES;
				GCC_WARN_UNINITIALIZED_AUTOS = YES_AGGRESSIVE;
				GCC_WARN_UNUSED_FUNCTION = YES;
				GCC_WARN_UNUSED_VARIABLE = YES;
				IPHONEOS_DEPLOYMENT_TARGET = 14.1;
				MTL_ENABLE_DEBUG_INFO = INCLUDE_SOURCE;
				MTL_FAST_MATH = YES;
				ONLY_ACTIVE_ARCH = YES;
				SDKROOT = iphoneos;
				SWIFT_ACTIVE_COMPILATION_CONDITIONS = DEBUG;
				SWIFT_OPTIMIZATION_LEVEL = "-Onone";
			};
			name = Debug;
		};
		1CC810562702336400B9E721 /* Release */ = {
			isa = XCBuildConfiguration;
			buildSettings = {
				ALWAYS_SEARCH_USER_PATHS = NO;
				CLANG_ANALYZER_NONNULL = YES;
				CLANG_ANALYZER_NUMBER_OBJECT_CONVERSION = YES_AGGRESSIVE;
				CLANG_CXX_LANGUAGE_STANDARD = "gnu++14";
				CLANG_CXX_LIBRARY = "libc++";
				CLANG_ENABLE_MODULES = YES;
				CLANG_ENABLE_OBJC_ARC = YES;
				CLANG_ENABLE_OBJC_WEAK = YES;
				CLANG_WARN_BLOCK_CAPTURE_AUTORELEASING = YES;
				CLANG_WARN_BOOL_CONVERSION = YES;
				CLANG_WARN_COMMA = YES;
				CLANG_WARN_CONSTANT_CONVERSION = YES;
				CLANG_WARN_DEPRECATED_OBJC_IMPLEMENTATIONS = YES;
				CLANG_WARN_DIRECT_OBJC_ISA_USAGE = YES_ERROR;
				CLANG_WARN_DOCUMENTATION_COMMENTS = YES;
				CLANG_WARN_EMPTY_BODY = YES;
				CLANG_WARN_ENUM_CONVERSION = YES;
				CLANG_WARN_INFINITE_RECURSION = YES;
				CLANG_WARN_INT_CONVERSION = YES;
				CLANG_WARN_NON_LITERAL_NULL_CONVERSION = YES;
				CLANG_WARN_OBJC_IMPLICIT_RETAIN_SELF = YES;
				CLANG_WARN_OBJC_LITERAL_CONVERSION = YES;
				CLANG_WARN_OBJC_ROOT_CLASS = YES_ERROR;
				CLANG_WARN_QUOTED_INCLUDE_IN_FRAMEWORK_HEADER = YES;
				CLANG_WARN_RANGE_LOOP_ANALYSIS = YES;
				CLANG_WARN_STRICT_PROTOTYPES = YES;
				CLANG_WARN_SUSPICIOUS_MOVE = YES;
				CLANG_WARN_UNGUARDED_AVAILABILITY = YES_AGGRESSIVE;
				CLANG_WARN_UNREACHABLE_CODE = YES;
				CLANG_WARN__DUPLICATE_METHOD_MATCH = YES;
				CODE_SIGN_ENTITLEMENTS = "";
				COPY_PHASE_STRIP = NO;
				DEBUG_INFORMATION_FORMAT = "dwarf-with-dsym";
				ENABLE_NS_ASSERTIONS = NO;
				ENABLE_STRICT_OBJC_MSGSEND = YES;
				GCC_C_LANGUAGE_STANDARD = gnu11;
				GCC_NO_COMMON_BLOCKS = YES;
				GCC_PREFIX_HEADER = Relpi;
				GCC_WARN_64_TO_32_BIT_CONVERSION = YES;
				GCC_WARN_ABOUT_RETURN_TYPE = YES_ERROR;
				GCC_WARN_UNDECLARED_SELECTOR = YES;
				GCC_WARN_UNINITIALIZED_AUTOS = YES_AGGRESSIVE;
				GCC_WARN_UNUSED_FUNCTION = YES;
				GCC_WARN_UNUSED_VARIABLE = YES;
				IPHONEOS_DEPLOYMENT_TARGET = 14.1;
				MTL_ENABLE_DEBUG_INFO = NO;
				MTL_FAST_MATH = YES;
				SDKROOT = iphoneos;
				SWIFT_COMPILATION_MODE = wholemodule;
				SWIFT_OPTIMIZATION_LEVEL = "-O";
				VALIDATE_PRODUCT = YES;
			};
			name = Release;
		};
		1CC810582702336400B9E721 /* Debug */ = {
			isa = XCBuildConfiguration;
			baseConfigurationReference = A3033BCBDCC2FE939C47809F /* Pods-Relpi.debug.xcconfig */;
			buildSettings = {
				ASSETCATALOG_COMPILER_APPICON_NAME = AppIcon;
				ASSETCATALOG_COMPILER_GLOBAL_ACCENT_COLOR_NAME = AccentColor;
				CODE_SIGN_ENTITLEMENTS = Relpi/Relpi.entitlements;
				CODE_SIGN_STYLE = Automatic;
				DEVELOPMENT_ASSET_PATHS = "\"Relpi/Preview Content\"";
				DEVELOPMENT_TEAM = CFSW3AA3PQ;
				ENABLE_PREVIEWS = YES;
				INFOPLIST_FILE = Relpi/Info.plist;
				IPHONEOS_DEPLOYMENT_TARGET = 14.5;
				LD_RUNPATH_SEARCH_PATHS = (
					"$(inherited)",
					"@executable_path/Frameworks",
				);
				MARKETING_VERSION = 1.0.1;
				OTHER_SWIFT_FLAGS = "-D Relpi";
				PRODUCT_BUNDLE_IDENTIFIER = academy.com.Grupo3.Relpi;
				PRODUCT_NAME = "$(TARGET_NAME)";
				SUPPORTS_MACCATALYST = YES;
				SWIFT_VERSION = 5.0;
				TARGETED_DEVICE_FAMILY = "1,2";
			};
			name = Debug;
		};
		1CC810592702336400B9E721 /* Release */ = {
			isa = XCBuildConfiguration;
			baseConfigurationReference = 4258C518AA466222A1617927 /* Pods-Relpi.release.xcconfig */;
			buildSettings = {
				ASSETCATALOG_COMPILER_APPICON_NAME = AppIcon;
				ASSETCATALOG_COMPILER_GLOBAL_ACCENT_COLOR_NAME = AccentColor;
				CODE_SIGN_ENTITLEMENTS = Relpi/Relpi.entitlements;
				CODE_SIGN_STYLE = Automatic;
				DEVELOPMENT_ASSET_PATHS = "\"Relpi/Preview Content\"";
				DEVELOPMENT_TEAM = CFSW3AA3PQ;
				ENABLE_PREVIEWS = YES;
				INFOPLIST_FILE = Relpi/Info.plist;
				IPHONEOS_DEPLOYMENT_TARGET = 14.5;
				LD_RUNPATH_SEARCH_PATHS = (
					"$(inherited)",
					"@executable_path/Frameworks",
				);
				MARKETING_VERSION = 1.0.1;
				OTHER_SWIFT_FLAGS = "-D Relpi";
				PRODUCT_BUNDLE_IDENTIFIER = academy.com.Grupo3.Relpi;
				PRODUCT_NAME = "$(TARGET_NAME)";
				SUPPORTS_MACCATALYST = YES;
				SWIFT_VERSION = 5.0;
				TARGETED_DEVICE_FAMILY = "1,2";
			};
			name = Release;
		};
		1CC81084270237F400B9E721 /* Debug */ = {
			isa = XCBuildConfiguration;
			baseConfigurationReference = BF084DBB22371E23816FA4B3 /* Pods-RelpiAdmin.debug.xcconfig */;
			buildSettings = {
				ASSETCATALOG_COMPILER_APPICON_NAME = AppIconAdmin;
				ASSETCATALOG_COMPILER_GLOBAL_ACCENT_COLOR_NAME = AccentColor;
				CODE_SIGN_ENTITLEMENTS = Relpi/Relpi.entitlements;
				CODE_SIGN_STYLE = Automatic;
				DEVELOPMENT_ASSET_PATHS = "\"Relpi/Preview Content\"";
				DEVELOPMENT_TEAM = CFSW3AA3PQ;
				ENABLE_PREVIEWS = YES;
				GCC_PREFIX_HEADER = Relpi;
				INFOPLIST_FILE = "$(SRCROOT)/Relpi/Relpi copy-Info.plist";
				IPHONEOS_DEPLOYMENT_TARGET = 14.5;
				LD_RUNPATH_SEARCH_PATHS = (
					"$(inherited)",
					"@executable_path/Frameworks",
				);
				MARKETING_VERSION = 1.0.1;
				OTHER_SWIFT_FLAGS = "-D RelpiAdmin";
				PRODUCT_BUNDLE_IDENTIFIER = academy.com.Grupo3.RelpiAdmin;
				PRODUCT_NAME = "$(TARGET_NAME)";
				SUPPORTS_MACCATALYST = YES;
				SWIFT_VERSION = 5.0;
				TARGETED_DEVICE_FAMILY = "1,2";
			};
			name = Debug;
		};
		1CC81085270237F400B9E721 /* Release */ = {
			isa = XCBuildConfiguration;
			baseConfigurationReference = AA7C5B8BF8F0E0BD0BFD44B9 /* Pods-RelpiAdmin.release.xcconfig */;
			buildSettings = {
				ASSETCATALOG_COMPILER_APPICON_NAME = AppIconAdmin;
				ASSETCATALOG_COMPILER_GLOBAL_ACCENT_COLOR_NAME = AccentColor;
				CODE_SIGN_ENTITLEMENTS = Relpi/Relpi.entitlements;
				CODE_SIGN_STYLE = Automatic;
				DEVELOPMENT_ASSET_PATHS = "\"Relpi/Preview Content\"";
				DEVELOPMENT_TEAM = CFSW3AA3PQ;
				ENABLE_PREVIEWS = YES;
				GCC_PREFIX_HEADER = Relpi;
				INFOPLIST_FILE = "$(SRCROOT)/Relpi/Relpi copy-Info.plist";
				IPHONEOS_DEPLOYMENT_TARGET = 14.5;
				LD_RUNPATH_SEARCH_PATHS = (
					"$(inherited)",
					"@executable_path/Frameworks",
				);
				MARKETING_VERSION = 1.0.1;
				OTHER_SWIFT_FLAGS = "-D RelpiAdmin";
				PRODUCT_BUNDLE_IDENTIFIER = academy.com.Grupo3.RelpiAdmin;
				PRODUCT_NAME = "$(TARGET_NAME)";
				SUPPORTS_MACCATALYST = YES;
				SWIFT_VERSION = 5.0;
				TARGETED_DEVICE_FAMILY = "1,2";
			};
			name = Release;
		};
/* End XCBuildConfiguration section */

/* Begin XCConfigurationList section */
		1CC8103E2702336200B9E721 /* Build configuration list for PBXProject "Relpi" */ = {
			isa = XCConfigurationList;
			buildConfigurations = (
				1CC810552702336400B9E721 /* Debug */,
				1CC810562702336400B9E721 /* Release */,
			);
			defaultConfigurationIsVisible = 0;
			defaultConfigurationName = Release;
		};
		1CC810572702336400B9E721 /* Build configuration list for PBXNativeTarget "Relpi" */ = {
			isa = XCConfigurationList;
			buildConfigurations = (
				1CC810582702336400B9E721 /* Debug */,
				1CC810592702336400B9E721 /* Release */,
			);
			defaultConfigurationIsVisible = 0;
			defaultConfigurationName = Release;
		};
		1CC81083270237F400B9E721 /* Build configuration list for PBXNativeTarget "RelpiAdmin" */ = {
			isa = XCConfigurationList;
			buildConfigurations = (
				1CC81084270237F400B9E721 /* Debug */,
				1CC81085270237F400B9E721 /* Release */,
			);
			defaultConfigurationIsVisible = 0;
			defaultConfigurationName = Release;
		};
/* End XCConfigurationList section */
	};
	rootObject = 1CC8103B2702336200B9E721 /* Project object */;
}
